// !$*UTF8*$!
{
	archiveVersion = 1;
	classes = {
	};
	objectVersion = 51;
	objects = {

/* Begin PBXBuildFile section */
		91B0F8A1CBA06C9DD8981565 /* Pods_iOSDemo.framework in Frameworks */ = {isa = PBXBuildFile; fileRef = 6CA2D877E98719C77AFF8F1B /* Pods_iOSDemo.framework */; };
		B034B0B925C3245B005187C4 /* AppDelegate.swift in Sources */ = {isa = PBXBuildFile; fileRef = B034B0B825C3245B005187C4 /* AppDelegate.swift */; };
		B034B0BB25C3245B005187C4 /* SceneDelegate.swift in Sources */ = {isa = PBXBuildFile; fileRef = B034B0BA25C3245B005187C4 /* SceneDelegate.swift */; };
		B034B0BD25C3245B005187C4 /* DataServiceViewController.swift in Sources */ = {isa = PBXBuildFile; fileRef = B034B0BC25C3245B005187C4 /* DataServiceViewController.swift */; };
		B034B0C025C3245B005187C4 /* Main.storyboard in Resources */ = {isa = PBXBuildFile; fileRef = B034B0BE25C3245B005187C4 /* Main.storyboard */; };
		B034B0C225C3245C005187C4 /* Assets.xcassets in Resources */ = {isa = PBXBuildFile; fileRef = B034B0C125C3245C005187C4 /* Assets.xcassets */; };
		B034B0C525C3245C005187C4 /* LaunchScreen.storyboard in Resources */ = {isa = PBXBuildFile; fileRef = B034B0C325C3245C005187C4 /* LaunchScreen.storyboard */; };
		B034B0D025C3245D005187C4 /* iOSDemoTests.swift in Sources */ = {isa = PBXBuildFile; fileRef = B034B0CF25C3245D005187C4 /* iOSDemoTests.swift */; };
		B034B0DB25C3245D005187C4 /* iOSDemoUITests.swift in Sources */ = {isa = PBXBuildFile; fileRef = B034B0DA25C3245D005187C4 /* iOSDemoUITests.swift */; };
		B05EC3BD25CBE5C700323ECC /* APIManager.swift in Sources */ = {isa = PBXBuildFile; fileRef = B05EC3BC25CBE5C700323ECC /* APIManager.swift */; };
		B095987A25CA731500C9F563 /* HomeTableViewController.swift in Sources */ = {isa = PBXBuildFile; fileRef = B095987925CA731500C9F563 /* HomeTableViewController.swift */; };
		B095988525CA8F0400C9F563 /* DownloadViewController.swift in Sources */ = {isa = PBXBuildFile; fileRef = B095988425CA8F0400C9F563 /* DownloadViewController.swift */; };
		B095988A25CA8F1700C9F563 /* UploadViewController.swift in Sources */ = {isa = PBXBuildFile; fileRef = B095988925CA8F1700C9F563 /* UploadViewController.swift */; };
		D3FF16C1159CDA2845506259 /* Pods_iOSDemoTests.framework in Frameworks */ = {isa = PBXBuildFile; fileRef = 526192F5EA830E154D27A5F9 /* Pods_iOSDemoTests.framework */; };
/* End PBXBuildFile section */

/* Begin PBXContainerItemProxy section */
		B034B0CC25C3245D005187C4 /* PBXContainerItemProxy */ = {
			isa = PBXContainerItemProxy;
			containerPortal = B034B0AD25C3245B005187C4 /* Project object */;
			proxyType = 1;
			remoteGlobalIDString = B034B0B425C3245B005187C4;
			remoteInfo = iOSDemo;
		};
		B034B0D725C3245D005187C4 /* PBXContainerItemProxy */ = {
			isa = PBXContainerItemProxy;
			containerPortal = B034B0AD25C3245B005187C4 /* Project object */;
			proxyType = 1;
			remoteGlobalIDString = B034B0B425C3245B005187C4;
			remoteInfo = iOSDemo;
		};
/* End PBXContainerItemProxy section */

/* Begin PBXFileReference section */
		17F056C164D1CEB4905D1D7D /* Pods-iOSDemoTests.release.xcconfig */ = {isa = PBXFileReference; includeInIndex = 1; lastKnownFileType = text.xcconfig; name = "Pods-iOSDemoTests.release.xcconfig"; path = "Target Support Files/Pods-iOSDemoTests/Pods-iOSDemoTests.release.xcconfig"; sourceTree = "<group>"; };
		47485C7451E640A349956B67 /* Pods-iOSDemo.release.xcconfig */ = {isa = PBXFileReference; includeInIndex = 1; lastKnownFileType = text.xcconfig; name = "Pods-iOSDemo.release.xcconfig"; path = "Target Support Files/Pods-iOSDemo/Pods-iOSDemo.release.xcconfig"; sourceTree = "<group>"; };
		526192F5EA830E154D27A5F9 /* Pods_iOSDemoTests.framework */ = {isa = PBXFileReference; explicitFileType = wrapper.framework; includeInIndex = 0; path = Pods_iOSDemoTests.framework; sourceTree = BUILT_PRODUCTS_DIR; };
		59A000D1F29E47CD7203A54C /* Pods-iOSDemoTests.debug.xcconfig */ = {isa = PBXFileReference; includeInIndex = 1; lastKnownFileType = text.xcconfig; name = "Pods-iOSDemoTests.debug.xcconfig"; path = "Target Support Files/Pods-iOSDemoTests/Pods-iOSDemoTests.debug.xcconfig"; sourceTree = "<group>"; };
		6CA2D877E98719C77AFF8F1B /* Pods_iOSDemo.framework */ = {isa = PBXFileReference; explicitFileType = wrapper.framework; includeInIndex = 0; path = Pods_iOSDemo.framework; sourceTree = BUILT_PRODUCTS_DIR; };
		9C0F26F35F2F91090C0B2169 /* Pods-iOSDemo.debug.xcconfig */ = {isa = PBXFileReference; includeInIndex = 1; lastKnownFileType = text.xcconfig; name = "Pods-iOSDemo.debug.xcconfig"; path = "Target Support Files/Pods-iOSDemo/Pods-iOSDemo.debug.xcconfig"; sourceTree = "<group>"; };
		B034B0B525C3245B005187C4 /* iOSDemo.app */ = {isa = PBXFileReference; explicitFileType = wrapper.application; includeInIndex = 0; path = iOSDemo.app; sourceTree = BUILT_PRODUCTS_DIR; };
		B034B0B825C3245B005187C4 /* AppDelegate.swift */ = {isa = PBXFileReference; lastKnownFileType = sourcecode.swift; path = AppDelegate.swift; sourceTree = "<group>"; };
		B034B0BA25C3245B005187C4 /* SceneDelegate.swift */ = {isa = PBXFileReference; lastKnownFileType = sourcecode.swift; path = SceneDelegate.swift; sourceTree = "<group>"; };
		B034B0BC25C3245B005187C4 /* DataServiceViewController.swift */ = {isa = PBXFileReference; lastKnownFileType = sourcecode.swift; path = DataServiceViewController.swift; sourceTree = "<group>"; };
		B034B0BF25C3245B005187C4 /* Base */ = {isa = PBXFileReference; lastKnownFileType = file.storyboard; name = Base; path = Base.lproj/Main.storyboard; sourceTree = "<group>"; };
		B034B0C125C3245C005187C4 /* Assets.xcassets */ = {isa = PBXFileReference; lastKnownFileType = folder.assetcatalog; path = Assets.xcassets; sourceTree = "<group>"; };
		B034B0C425C3245C005187C4 /* Base */ = {isa = PBXFileReference; lastKnownFileType = file.storyboard; name = Base; path = Base.lproj/LaunchScreen.storyboard; sourceTree = "<group>"; };
		B034B0C625C3245D005187C4 /* Info.plist */ = {isa = PBXFileReference; lastKnownFileType = text.plist.xml; path = Info.plist; sourceTree = "<group>"; };
		B034B0CB25C3245D005187C4 /* iOSDemoTests.xctest */ = {isa = PBXFileReference; explicitFileType = wrapper.cfbundle; includeInIndex = 0; path = iOSDemoTests.xctest; sourceTree = BUILT_PRODUCTS_DIR; };
		B034B0CF25C3245D005187C4 /* iOSDemoTests.swift */ = {isa = PBXFileReference; lastKnownFileType = sourcecode.swift; path = iOSDemoTests.swift; sourceTree = "<group>"; };
		B034B0D125C3245D005187C4 /* Info.plist */ = {isa = PBXFileReference; lastKnownFileType = text.plist.xml; path = Info.plist; sourceTree = "<group>"; };
		B034B0D625C3245D005187C4 /* iOSDemoUITests.xctest */ = {isa = PBXFileReference; explicitFileType = wrapper.cfbundle; includeInIndex = 0; path = iOSDemoUITests.xctest; sourceTree = BUILT_PRODUCTS_DIR; };
		B034B0DA25C3245D005187C4 /* iOSDemoUITests.swift */ = {isa = PBXFileReference; lastKnownFileType = sourcecode.swift; path = iOSDemoUITests.swift; sourceTree = "<group>"; };
		B034B0DC25C3245D005187C4 /* Info.plist */ = {isa = PBXFileReference; lastKnownFileType = text.plist.xml; path = Info.plist; sourceTree = "<group>"; };
		B05EC3BC25CBE5C700323ECC /* APIManager.swift */ = {isa = PBXFileReference; lastKnownFileType = sourcecode.swift; path = APIManager.swift; sourceTree = "<group>"; };
		B095987925CA731500C9F563 /* HomeTableViewController.swift */ = {isa = PBXFileReference; lastKnownFileType = sourcecode.swift; path = HomeTableViewController.swift; sourceTree = "<group>"; };
		B095988425CA8F0400C9F563 /* DownloadViewController.swift */ = {isa = PBXFileReference; lastKnownFileType = sourcecode.swift; path = DownloadViewController.swift; sourceTree = "<group>"; };
		B095988925CA8F1700C9F563 /* UploadViewController.swift */ = {isa = PBXFileReference; lastKnownFileType = sourcecode.swift; path = UploadViewController.swift; sourceTree = "<group>"; };
/* End PBXFileReference section */

/* Begin PBXFrameworksBuildPhase section */
		B034B0B225C3245B005187C4 /* Frameworks */ = {
			isa = PBXFrameworksBuildPhase;
			buildActionMask = 2147483647;
			files = (
				91B0F8A1CBA06C9DD8981565 /* Pods_iOSDemo.framework in Frameworks */,
			);
			runOnlyForDeploymentPostprocessing = 0;
		};
		B034B0C825C3245D005187C4 /* Frameworks */ = {
			isa = PBXFrameworksBuildPhase;
			buildActionMask = 2147483647;
			files = (
				D3FF16C1159CDA2845506259 /* Pods_iOSDemoTests.framework in Frameworks */,
			);
			runOnlyForDeploymentPostprocessing = 0;
		};
		B034B0D325C3245D005187C4 /* Frameworks */ = {
			isa = PBXFrameworksBuildPhase;
			buildActionMask = 2147483647;
			files = (
			);
			runOnlyForDeploymentPostprocessing = 0;
		};
/* End PBXFrameworksBuildPhase section */

/* Begin PBXGroup section */
		348008278192757CD6105FDD /* Frameworks */ = {
			isa = PBXGroup;
			children = (
				6CA2D877E98719C77AFF8F1B /* Pods_iOSDemo.framework */,
				526192F5EA830E154D27A5F9 /* Pods_iOSDemoTests.framework */,
			);
			name = Frameworks;
			sourceTree = "<group>";
		};
		B034B0AC25C3245B005187C4 = {
			isa = PBXGroup;
			children = (
				B034B0B725C3245B005187C4 /* iOSDemo */,
				B034B0CE25C3245D005187C4 /* iOSDemoTests */,
				B034B0D925C3245D005187C4 /* iOSDemoUITests */,
				B034B0B625C3245B005187C4 /* Products */,
				BE7C44F9E5C86668B78D8B80 /* Pods */,
				348008278192757CD6105FDD /* Frameworks */,
			);
			sourceTree = "<group>";
		};
		B034B0B625C3245B005187C4 /* Products */ = {
			isa = PBXGroup;
			children = (
				B034B0B525C3245B005187C4 /* iOSDemo.app */,
				B034B0CB25C3245D005187C4 /* iOSDemoTests.xctest */,
				B034B0D625C3245D005187C4 /* iOSDemoUITests.xctest */,
			);
			name = Products;
			sourceTree = "<group>";
		};
		B034B0B725C3245B005187C4 /* iOSDemo */ = {
			isa = PBXGroup;
			children = (
				B034B0B825C3245B005187C4 /* AppDelegate.swift */,
				B034B0BA25C3245B005187C4 /* SceneDelegate.swift */,
				B034B0BC25C3245B005187C4 /* DataServiceViewController.swift */,
				B095987925CA731500C9F563 /* HomeTableViewController.swift */,
				B095988425CA8F0400C9F563 /* DownloadViewController.swift */,
				B095988925CA8F1700C9F563 /* UploadViewController.swift */,
				B05EC3BC25CBE5C700323ECC /* APIManager.swift */,
				B034B0BE25C3245B005187C4 /* Main.storyboard */,
				B034B0C125C3245C005187C4 /* Assets.xcassets */,
				B034B0C325C3245C005187C4 /* LaunchScreen.storyboard */,
				B034B0C625C3245D005187C4 /* Info.plist */,
			);
			path = iOSDemo;
			sourceTree = "<group>";
		};
		B034B0CE25C3245D005187C4 /* iOSDemoTests */ = {
			isa = PBXGroup;
			children = (
				B034B0CF25C3245D005187C4 /* iOSDemoTests.swift */,
				B034B0D125C3245D005187C4 /* Info.plist */,
			);
			path = iOSDemoTests;
			sourceTree = "<group>";
		};
		B034B0D925C3245D005187C4 /* iOSDemoUITests */ = {
			isa = PBXGroup;
			children = (
				B034B0DA25C3245D005187C4 /* iOSDemoUITests.swift */,
				B034B0DC25C3245D005187C4 /* Info.plist */,
			);
			path = iOSDemoUITests;
			sourceTree = "<group>";
		};
		BE7C44F9E5C86668B78D8B80 /* Pods */ = {
			isa = PBXGroup;
			children = (
				9C0F26F35F2F91090C0B2169 /* Pods-iOSDemo.debug.xcconfig */,
				47485C7451E640A349956B67 /* Pods-iOSDemo.release.xcconfig */,
				59A000D1F29E47CD7203A54C /* Pods-iOSDemoTests.debug.xcconfig */,
				17F056C164D1CEB4905D1D7D /* Pods-iOSDemoTests.release.xcconfig */,
			);
			path = Pods;
			sourceTree = "<group>";
		};
/* End PBXGroup section */

/* Begin PBXNativeTarget section */
		B034B0B425C3245B005187C4 /* iOSDemo */ = {
			isa = PBXNativeTarget;
			buildConfigurationList = B034B0DF25C3245D005187C4 /* Build configuration list for PBXNativeTarget "iOSDemo" */;
			buildPhases = (
				2288D66C985D0738843BB8CF /* [CP] Check Pods Manifest.lock */,
				B034B0B125C3245B005187C4 /* Sources */,
				B034B0B225C3245B005187C4 /* Frameworks */,
				B034B0B325C3245B005187C4 /* Resources */,
				9E2B9883D160CCCAFF5BEF7F /* [CP] Embed Pods Frameworks */,
			);
			buildRules = (
			);
			dependencies = (
			);
			name = iOSDemo;
			productName = iOSDemo;
			productReference = B034B0B525C3245B005187C4 /* iOSDemo.app */;
			productType = "com.apple.product-type.application";
		};
		B034B0CA25C3245D005187C4 /* iOSDemoTests */ = {
			isa = PBXNativeTarget;
			buildConfigurationList = B034B0E225C3245D005187C4 /* Build configuration list for PBXNativeTarget "iOSDemoTests" */;
			buildPhases = (
				CD5EA183A6EF4CC3F10E6150 /* [CP] Check Pods Manifest.lock */,
				B034B0C725C3245D005187C4 /* Sources */,
				B034B0C825C3245D005187C4 /* Frameworks */,
				B034B0C925C3245D005187C4 /* Resources */,
				B5033D581241A7846D8C20EC /* [CP] Embed Pods Frameworks */,
			);
			buildRules = (
			);
			dependencies = (
				B034B0CD25C3245D005187C4 /* PBXTargetDependency */,
			);
			name = iOSDemoTests;
			productName = iOSDemoTests;
			productReference = B034B0CB25C3245D005187C4 /* iOSDemoTests.xctest */;
			productType = "com.apple.product-type.bundle.unit-test";
		};
		B034B0D525C3245D005187C4 /* iOSDemoUITests */ = {
			isa = PBXNativeTarget;
			buildConfigurationList = B034B0E525C3245D005187C4 /* Build configuration list for PBXNativeTarget "iOSDemoUITests" */;
			buildPhases = (
				B034B0D225C3245D005187C4 /* Sources */,
				B034B0D325C3245D005187C4 /* Frameworks */,
				B034B0D425C3245D005187C4 /* Resources */,
			);
			buildRules = (
			);
			dependencies = (
				B034B0D825C3245D005187C4 /* PBXTargetDependency */,
			);
			name = iOSDemoUITests;
			productName = iOSDemoUITests;
			productReference = B034B0D625C3245D005187C4 /* iOSDemoUITests.xctest */;
			productType = "com.apple.product-type.bundle.ui-testing";
		};
/* End PBXNativeTarget section */

/* Begin PBXProject section */
		B034B0AD25C3245B005187C4 /* Project object */ = {
			isa = PBXProject;
			attributes = {
				LastSwiftUpdateCheck = 1230;
				LastUpgradeCheck = 1230;
				TargetAttributes = {
					B034B0B425C3245B005187C4 = {
						CreatedOnToolsVersion = 12.3;
					};
					B034B0CA25C3245D005187C4 = {
						CreatedOnToolsVersion = 12.3;
						TestTargetID = B034B0B425C3245B005187C4;
					};
					B034B0D525C3245D005187C4 = {
						CreatedOnToolsVersion = 12.3;
						TestTargetID = B034B0B425C3245B005187C4;
					};
				};
			};
			buildConfigurationList = B034B0B025C3245B005187C4 /* Build configuration list for PBXProject "iOSDemo" */;
			compatibilityVersion = "Xcode 9.3";
			developmentRegion = en;
			hasScannedForEncodings = 0;
			knownRegions = (
				en,
				Base,
			);
			mainGroup = B034B0AC25C3245B005187C4;
			productRefGroup = B034B0B625C3245B005187C4 /* Products */;
			projectDirPath = "";
			projectRoot = "";
			targets = (
				B034B0B425C3245B005187C4 /* iOSDemo */,
				B034B0CA25C3245D005187C4 /* iOSDemoTests */,
				B034B0D525C3245D005187C4 /* iOSDemoUITests */,
			);
		};
/* End PBXProject section */

/* Begin PBXResourcesBuildPhase section */
		B034B0B325C3245B005187C4 /* Resources */ = {
			isa = PBXResourcesBuildPhase;
			buildActionMask = 2147483647;
			files = (
				B034B0C525C3245C005187C4 /* LaunchScreen.storyboard in Resources */,
				B034B0C225C3245C005187C4 /* Assets.xcassets in Resources */,
				B034B0C025C3245B005187C4 /* Main.storyboard in Resources */,
			);
			runOnlyForDeploymentPostprocessing = 0;
		};
		B034B0C925C3245D005187C4 /* Resources */ = {
			isa = PBXResourcesBuildPhase;
			buildActionMask = 2147483647;
			files = (
			);
			runOnlyForDeploymentPostprocessing = 0;
		};
		B034B0D425C3245D005187C4 /* Resources */ = {
			isa = PBXResourcesBuildPhase;
			buildActionMask = 2147483647;
			files = (
			);
			runOnlyForDeploymentPostprocessing = 0;
		};
/* End PBXResourcesBuildPhase section */

/* Begin PBXShellScriptBuildPhase section */
		2288D66C985D0738843BB8CF /* [CP] Check Pods Manifest.lock */ = {
			isa = PBXShellScriptBuildPhase;
			buildActionMask = 2147483647;
			files = (
			);
			inputFileListPaths = (
			);
			inputPaths = (
				"${PODS_PODFILE_DIR_PATH}/Podfile.lock",
				"${PODS_ROOT}/Manifest.lock",
			);
			name = "[CP] Check Pods Manifest.lock";
			outputFileListPaths = (
			);
			outputPaths = (
				"$(DERIVED_FILE_DIR)/Pods-iOSDemo-checkManifestLockResult.txt",
			);
			runOnlyForDeploymentPostprocessing = 0;
			shellPath = /bin/sh;
			shellScript = "diff \"${PODS_PODFILE_DIR_PATH}/Podfile.lock\" \"${PODS_ROOT}/Manifest.lock\" > /dev/null\nif [ $? != 0 ] ; then\n    # print error to STDERR\n    echo \"error: The sandbox is not in sync with the Podfile.lock. Run 'pod install' or update your CocoaPods installation.\" >&2\n    exit 1\nfi\n# This output is used by Xcode 'outputs' to avoid re-running this script phase.\necho \"SUCCESS\" > \"${SCRIPT_OUTPUT_FILE_0}\"\n";
			showEnvVarsInLog = 0;
		};
		9E2B9883D160CCCAFF5BEF7F /* [CP] Embed Pods Frameworks */ = {
			isa = PBXShellScriptBuildPhase;
			buildActionMask = 2147483647;
			files = (
			);
			inputFileListPaths = (
				"${PODS_ROOT}/Target Support Files/Pods-iOSDemo/Pods-iOSDemo-frameworks-${CONFIGURATION}-input-files.xcfilelist",
			);
			name = "[CP] Embed Pods Frameworks";
			outputFileListPaths = (
				"${PODS_ROOT}/Target Support Files/Pods-iOSDemo/Pods-iOSDemo-frameworks-${CONFIGURATION}-output-files.xcfilelist",
			);
			runOnlyForDeploymentPostprocessing = 0;
			shellPath = /bin/sh;
			shellScript = "\"${PODS_ROOT}/Target Support Files/Pods-iOSDemo/Pods-iOSDemo-frameworks.sh\"\n";
			showEnvVarsInLog = 0;
		};
		B5033D581241A7846D8C20EC /* [CP] Embed Pods Frameworks */ = {
			isa = PBXShellScriptBuildPhase;
			buildActionMask = 2147483647;
			files = (
			);
			inputFileListPaths = (
				"${PODS_ROOT}/Target Support Files/Pods-iOSDemoTests/Pods-iOSDemoTests-frameworks-${CONFIGURATION}-input-files.xcfilelist",
			);
			name = "[CP] Embed Pods Frameworks";
			outputFileListPaths = (
				"${PODS_ROOT}/Target Support Files/Pods-iOSDemoTests/Pods-iOSDemoTests-frameworks-${CONFIGURATION}-output-files.xcfilelist",
			);
			runOnlyForDeploymentPostprocessing = 0;
			shellPath = /bin/sh;
			shellScript = "\"${PODS_ROOT}/Target Support Files/Pods-iOSDemoTests/Pods-iOSDemoTests-frameworks.sh\"\n";
			showEnvVarsInLog = 0;
		};
		CD5EA183A6EF4CC3F10E6150 /* [CP] Check Pods Manifest.lock */ = {
			isa = PBXShellScriptBuildPhase;
			buildActionMask = 2147483647;
			files = (
			);
			inputFileListPaths = (
			);
			inputPaths = (
				"${PODS_PODFILE_DIR_PATH}/Podfile.lock",
				"${PODS_ROOT}/Manifest.lock",
			);
			name = "[CP] Check Pods Manifest.lock";
			outputFileListPaths = (
			);
			outputPaths = (
				"$(DERIVED_FILE_DIR)/Pods-iOSDemoTests-checkManifestLockResult.txt",
			);
			runOnlyForDeploymentPostprocessing = 0;
			shellPath = /bin/sh;
			shellScript = "diff \"${PODS_PODFILE_DIR_PATH}/Podfile.lock\" \"${PODS_ROOT}/Manifest.lock\" > /dev/null\nif [ $? != 0 ] ; then\n    # print error to STDERR\n    echo \"error: The sandbox is not in sync with the Podfile.lock. Run 'pod install' or update your CocoaPods installation.\" >&2\n    exit 1\nfi\n# This output is used by Xcode 'outputs' to avoid re-running this script phase.\necho \"SUCCESS\" > \"${SCRIPT_OUTPUT_FILE_0}\"\n";
			showEnvVarsInLog = 0;
		};
/* End PBXShellScriptBuildPhase section */

/* Begin PBXSourcesBuildPhase section */
		B034B0B125C3245B005187C4 /* Sources */ = {
			isa = PBXSourcesBuildPhase;
			buildActionMask = 2147483647;
			files = (
				B034B0BD25C3245B005187C4 /* DataServiceViewController.swift in Sources */,
				B095988A25CA8F1700C9F563 /* UploadViewController.swift in Sources */,
				B034B0B925C3245B005187C4 /* AppDelegate.swift in Sources */,
				B034B0BB25C3245B005187C4 /* SceneDelegate.swift in Sources */,
				B095988525CA8F0400C9F563 /* DownloadViewController.swift in Sources */,
				B095987A25CA731500C9F563 /* HomeTableViewController.swift in Sources */,
				B05EC3BD25CBE5C700323ECC /* APIManager.swift in Sources */,
			);
			runOnlyForDeploymentPostprocessing = 0;
		};
		B034B0C725C3245D005187C4 /* Sources */ = {
			isa = PBXSourcesBuildPhase;
			buildActionMask = 2147483647;
			files = (
				B034B0D025C3245D005187C4 /* iOSDemoTests.swift in Sources */,
			);
			runOnlyForDeploymentPostprocessing = 0;
		};
		B034B0D225C3245D005187C4 /* Sources */ = {
			isa = PBXSourcesBuildPhase;
			buildActionMask = 2147483647;
			files = (
				B034B0DB25C3245D005187C4 /* iOSDemoUITests.swift in Sources */,
			);
			runOnlyForDeploymentPostprocessing = 0;
		};
/* End PBXSourcesBuildPhase section */

/* Begin PBXTargetDependency section */
		B034B0CD25C3245D005187C4 /* PBXTargetDependency */ = {
			isa = PBXTargetDependency;
			target = B034B0B425C3245B005187C4 /* iOSDemo */;
			targetProxy = B034B0CC25C3245D005187C4 /* PBXContainerItemProxy */;
		};
		B034B0D825C3245D005187C4 /* PBXTargetDependency */ = {
			isa = PBXTargetDependency;
			target = B034B0B425C3245B005187C4 /* iOSDemo */;
			targetProxy = B034B0D725C3245D005187C4 /* PBXContainerItemProxy */;
		};
/* End PBXTargetDependency section */

/* Begin PBXVariantGroup section */
		B034B0BE25C3245B005187C4 /* Main.storyboard */ = {
			isa = PBXVariantGroup;
			children = (
				B034B0BF25C3245B005187C4 /* Base */,
			);
			name = Main.storyboard;
			sourceTree = "<group>";
		};
		B034B0C325C3245C005187C4 /* LaunchScreen.storyboard */ = {
			isa = PBXVariantGroup;
			children = (
				B034B0C425C3245C005187C4 /* Base */,
			);
			name = LaunchScreen.storyboard;
			sourceTree = "<group>";
		};
/* End PBXVariantGroup section */

/* Begin XCBuildConfiguration section */
		B034B0DD25C3245D005187C4 /* Debug */ = {
			isa = XCBuildConfiguration;
			buildSettings = {
				ALWAYS_SEARCH_USER_PATHS = NO;
				CLANG_ANALYZER_NONNULL = YES;
				CLANG_ANALYZER_NUMBER_OBJECT_CONVERSION = YES_AGGRESSIVE;
				CLANG_CXX_LANGUAGE_STANDARD = "gnu++14";
				CLANG_CXX_LIBRARY = "libc++";
				CLANG_ENABLE_MODULES = YES;
				CLANG_ENABLE_OBJC_ARC = YES;
				CLANG_ENABLE_OBJC_WEAK = YES;
				CLANG_WARN_BLOCK_CAPTURE_AUTORELEASING = YES;
				CLANG_WARN_BOOL_CONVERSION = YES;
				CLANG_WARN_COMMA = YES;
				CLANG_WARN_CONSTANT_CONVERSION = YES;
				CLANG_WARN_DEPRECATED_OBJC_IMPLEMENTATIONS = YES;
				CLANG_WARN_DIRECT_OBJC_ISA_USAGE = YES_ERROR;
				CLANG_WARN_DOCUMENTATION_COMMENTS = YES;
				CLANG_WARN_EMPTY_BODY = YES;
				CLANG_WARN_ENUM_CONVERSION = YES;
				CLANG_WARN_INFINITE_RECURSION = YES;
				CLANG_WARN_INT_CONVERSION = YES;
				CLANG_WARN_NON_LITERAL_NULL_CONVERSION = YES;
				CLANG_WARN_OBJC_IMPLICIT_RETAIN_SELF = YES;
				CLANG_WARN_OBJC_LITERAL_CONVERSION = YES;
				CLANG_WARN_OBJC_ROOT_CLASS = YES_ERROR;
				CLANG_WARN_QUOTED_INCLUDE_IN_FRAMEWORK_HEADER = YES;
				CLANG_WARN_RANGE_LOOP_ANALYSIS = YES;
				CLANG_WARN_STRICT_PROTOTYPES = YES;
				CLANG_WARN_SUSPICIOUS_MOVE = YES;
				CLANG_WARN_UNGUARDED_AVAILABILITY = YES_AGGRESSIVE;
				CLANG_WARN_UNREACHABLE_CODE = YES;
				CLANG_WARN__DUPLICATE_METHOD_MATCH = YES;
				COPY_PHASE_STRIP = NO;
				DEBUG_INFORMATION_FORMAT = dwarf;
				ENABLE_STRICT_OBJC_MSGSEND = YES;
				ENABLE_TESTABILITY = YES;
				GCC_C_LANGUAGE_STANDARD = gnu11;
				GCC_DYNAMIC_NO_PIC = NO;
				GCC_NO_COMMON_BLOCKS = YES;
				GCC_OPTIMIZATION_LEVEL = 0;
				GCC_PREPROCESSOR_DEFINITIONS = (
					"DEBUG=1",
					"$(inherited)",
				);
				GCC_WARN_64_TO_32_BIT_CONVERSION = YES;
				GCC_WARN_ABOUT_RETURN_TYPE = YES_ERROR;
				GCC_WARN_UNDECLARED_SELECTOR = YES;
				GCC_WARN_UNINITIALIZED_AUTOS = YES_AGGRESSIVE;
				GCC_WARN_UNUSED_FUNCTION = YES;
				GCC_WARN_UNUSED_VARIABLE = YES;
				IPHONEOS_DEPLOYMENT_TARGET = 14.3;
				MTL_ENABLE_DEBUG_INFO = INCLUDE_SOURCE;
				MTL_FAST_MATH = YES;
				ONLY_ACTIVE_ARCH = YES;
				SDKROOT = iphoneos;
				SWIFT_ACTIVE_COMPILATION_CONDITIONS = DEBUG;
				SWIFT_OPTIMIZATION_LEVEL = "-Onone";
			};
			name = Debug;
		};
		B034B0DE25C3245D005187C4 /* Release */ = {
			isa = XCBuildConfiguration;
			buildSettings = {
				ALWAYS_SEARCH_USER_PATHS = NO;
				CLANG_ANALYZER_NONNULL = YES;
				CLANG_ANALYZER_NUMBER_OBJECT_CONVERSION = YES_AGGRESSIVE;
				CLANG_CXX_LANGUAGE_STANDARD = "gnu++14";
				CLANG_CXX_LIBRARY = "libc++";
				CLANG_ENABLE_MODULES = YES;
				CLANG_ENABLE_OBJC_ARC = YES;
				CLANG_ENABLE_OBJC_WEAK = YES;
				CLANG_WARN_BLOCK_CAPTURE_AUTORELEASING = YES;
				CLANG_WARN_BOOL_CONVERSION = YES;
				CLANG_WARN_COMMA = YES;
				CLANG_WARN_CONSTANT_CONVERSION = YES;
				CLANG_WARN_DEPRECATED_OBJC_IMPLEMENTATIONS = YES;
				CLANG_WARN_DIRECT_OBJC_ISA_USAGE = YES_ERROR;
				CLANG_WARN_DOCUMENTATION_COMMENTS = YES;
				CLANG_WARN_EMPTY_BODY = YES;
				CLANG_WARN_ENUM_CONVERSION = YES;
				CLANG_WARN_INFINITE_RECURSION = YES;
				CLANG_WARN_INT_CONVERSION = YES;
				CLANG_WARN_NON_LITERAL_NULL_CONVERSION = YES;
				CLANG_WARN_OBJC_IMPLICIT_RETAIN_SELF = YES;
				CLANG_WARN_OBJC_LITERAL_CONVERSION = YES;
				CLANG_WARN_OBJC_ROOT_CLASS = YES_ERROR;
				CLANG_WARN_QUOTED_INCLUDE_IN_FRAMEWORK_HEADER = YES;
				CLANG_WARN_RANGE_LOOP_ANALYSIS = YES;
				CLANG_WARN_STRICT_PROTOTYPES = YES;
				CLANG_WARN_SUSPICIOUS_MOVE = YES;
				CLANG_WARN_UNGUARDED_AVAILABILITY = YES_AGGRESSIVE;
				CLANG_WARN_UNREACHABLE_CODE = YES;
				CLANG_WARN__DUPLICATE_METHOD_MATCH = YES;
				COPY_PHASE_STRIP = NO;
				DEBUG_INFORMATION_FORMAT = "dwarf-with-dsym";
				ENABLE_NS_ASSERTIONS = NO;
				ENABLE_STRICT_OBJC_MSGSEND = YES;
				GCC_C_LANGUAGE_STANDARD = gnu11;
				GCC_NO_COMMON_BLOCKS = YES;
				GCC_WARN_64_TO_32_BIT_CONVERSION = YES;
				GCC_WARN_ABOUT_RETURN_TYPE = YES_ERROR;
				GCC_WARN_UNDECLARED_SELECTOR = YES;
				GCC_WARN_UNINITIALIZED_AUTOS = YES_AGGRESSIVE;
				GCC_WARN_UNUSED_FUNCTION = YES;
				GCC_WARN_UNUSED_VARIABLE = YES;
				IPHONEOS_DEPLOYMENT_TARGET = 14.3;
				MTL_ENABLE_DEBUG_INFO = NO;
				MTL_FAST_MATH = YES;
				SDKROOT = iphoneos;
				SWIFT_COMPILATION_MODE = wholemodule;
				SWIFT_OPTIMIZATION_LEVEL = "-O";
				VALIDATE_PRODUCT = YES;
			};
			name = Release;
		};
		B034B0E025C3245D005187C4 /* Debug */ = {
			isa = XCBuildConfiguration;
			baseConfigurationReference = 9C0F26F35F2F91090C0B2169 /* Pods-iOSDemo.debug.xcconfig */;
			buildSettings = {
				ASSETCATALOG_COMPILER_APPICON_NAME = AppIcon;
				ASSETCATALOG_COMPILER_GLOBAL_ACCENT_COLOR_NAME = AccentColor;
				CODE_SIGN_STYLE = Automatic;
				DEVELOPMENT_TEAM = P7TTM4H4X2;
				INFOPLIST_FILE = iOSDemo/Info.plist;
				LD_RUNPATH_SEARCH_PATHS = (
					"$(inherited)",
					"@executable_path/Frameworks",
				);
				PRODUCT_BUNDLE_IDENTIFIER = cn.nengxuehui.iOSDemo;
				PRODUCT_NAME = "$(TARGET_NAME)";
				SWIFT_VERSION = 5.0;
				TARGETED_DEVICE_FAMILY = "1,2";
			};
			name = Debug;
		};
		B034B0E125C3245D005187C4 /* Release */ = {
			isa = XCBuildConfiguration;
			baseConfigurationReference = 47485C7451E640A349956B67 /* Pods-iOSDemo.release.xcconfig */;
			buildSettings = {
				ASSETCATALOG_COMPILER_APPICON_NAME = AppIcon;
				ASSETCATALOG_COMPILER_GLOBAL_ACCENT_COLOR_NAME = AccentColor;
				CODE_SIGN_STYLE = Automatic;
				DEVELOPMENT_TEAM = P7TTM4H4X2;
				INFOPLIST_FILE = iOSDemo/Info.plist;
				LD_RUNPATH_SEARCH_PATHS = (
					"$(inherited)",
					"@executable_path/Frameworks",
				);
				PRODUCT_BUNDLE_IDENTIFIER = cn.nengxuehui.iOSDemo;
				PRODUCT_NAME = "$(TARGET_NAME)";
				SWIFT_VERSION = 5.0;
				TARGETED_DEVICE_FAMILY = "1,2";
			};
			name = Release;
		};
		B034B0E325C3245D005187C4 /* Debug */ = {
			isa = XCBuildConfiguration;
			baseConfigurationReference = 59A000D1F29E47CD7203A54C /* Pods-iOSDemoTests.debug.xcconfig */;
			buildSettings = {
				ALWAYS_EMBED_SWIFT_STANDARD_LIBRARIES = YES;
				BUNDLE_LOADER = "$(TEST_HOST)";
				CODE_SIGN_STYLE = Automatic;
				DEVELOPMENT_TEAM = P7TTM4H4X2;
				INFOPLIST_FILE = iOSDemoTests/Info.plist;
				IPHONEOS_DEPLOYMENT_TARGET = 14.3;
				LD_RUNPATH_SEARCH_PATHS = (
					"$(inherited)",
					"@executable_path/Frameworks",
					"@loader_path/Frameworks",
				);
				PRODUCT_BUNDLE_IDENTIFIER = cn.nengxuehui.iOSDemoTests;
				PRODUCT_NAME = "$(TARGET_NAME)";
				SWIFT_VERSION = 5.0;
				TARGETED_DEVICE_FAMILY = "1,2";
				TEST_HOST = "$(BUILT_PRODUCTS_DIR)/iOSDemo.app/iOSDemo";
			};
			name = Debug;
		};
		B034B0E425C3245D005187C4 /* Release */ = {
			isa = XCBuildConfiguration;
			baseConfigurationReference = 17F056C164D1CEB4905D1D7D /* Pods-iOSDemoTests.release.xcconfig */;
			buildSettings = {
				ALWAYS_EMBED_SWIFT_STANDARD_LIBRARIES = YES;
				BUNDLE_LOADER = "$(TEST_HOST)";
				CODE_SIGN_STYLE = Automatic;
				DEVELOPMENT_TEAM = P7TTM4H4X2;
				INFOPLIST_FILE = iOSDemoTests/Info.plist;
				IPHONEOS_DEPLOYMENT_TARGET = 14.3;
				LD_RUNPATH_SEARCH_PATHS = (
					"$(inherited)",
					"@executable_path/Frameworks",
					"@loader_path/Frameworks",
				);
				PRODUCT_BUNDLE_IDENTIFIER = cn.nengxuehui.iOSDemoTests;
				PRODUCT_NAME = "$(TARGET_NAME)";
				SWIFT_VERSION = 5.0;
				TARGETED_DEVICE_FAMILY = "1,2";
				TEST_HOST = "$(BUILT_PRODUCTS_DIR)/iOSDemo.app/iOSDemo";
			};
			name = Release;
		};
		B034B0E625C3245D005187C4 /* Debug */ = {
			isa = XCBuildConfiguration;
			buildSettings = {
				ALWAYS_EMBED_SWIFT_STANDARD_LIBRARIES = YES;
				CODE_SIGN_STYLE = Automatic;
				DEVELOPMENT_TEAM = P7TTM4H4X2;
				INFOPLIST_FILE = iOSDemoUITests/Info.plist;
				LD_RUNPATH_SEARCH_PATHS = (
					"$(inherited)",
					"@executable_path/Frameworks",
					"@loader_path/Frameworks",
				);
				PRODUCT_BUNDLE_IDENTIFIER = cn.nengxuehui.iOSDemoUITests;
				PRODUCT_NAME = "$(TARGET_NAME)";
				SWIFT_VERSION = 5.0;
				TARGETED_DEVICE_FAMILY = "1,2";
				TEST_TARGET_NAME = iOSDemo;
			};
			name = Debug;
		};
		B034B0E725C3245D005187C4 /* Release */ = {
			isa = XCBuildConfiguration;
			buildSettings = {
				ALWAYS_EMBED_SWIFT_STANDARD_LIBRARIES = YES;
				CODE_SIGN_STYLE = Automatic;
				DEVELOPMENT_TEAM = P7TTM4H4X2;
				INFOPLIST_FILE = iOSDemoUITests/Info.plist;
				LD_RUNPATH_SEARCH_PATHS = (
					"$(inherited)",
					"@executable_path/Frameworks",
					"@loader_path/Frameworks",
				);
				PRODUCT_BUNDLE_IDENTIFIER = cn.nengxuehui.iOSDemoUITests;
				PRODUCT_NAME = "$(TARGET_NAME)";
				SWIFT_VERSION = 5.0;
				TARGETED_DEVICE_FAMILY = "1,2";
				TEST_TARGET_NAME = iOSDemo;
			};
			name = Release;
		};
/* End XCBuildConfiguration section */

/* Begin XCConfigurationList section */
		B034B0B025C3245B005187C4 /* Build configuration list for PBXProject "iOSDemo" */ = {
			isa = XCConfigurationList;
			buildConfigurations = (
				B034B0DD25C3245D005187C4 /* Debug */,
				B034B0DE25C3245D005187C4 /* Release */,
			);
			defaultConfigurationIsVisible = 0;
			defaultConfigurationName = Release;
		};
		B034B0DF25C3245D005187C4 /* Build configuration list for PBXNativeTarget "iOSDemo" */ = {
			isa = XCConfigurationList;
			buildConfigurations = (
				B034B0E025C3245D005187C4 /* Debug */,
				B034B0E125C3245D005187C4 /* Release */,
			);
			defaultConfigurationIsVisible = 0;
			defaultConfigurationName = Release;
		};
		B034B0E225C3245D005187C4 /* Build configuration list for PBXNativeTarget "iOSDemoTests" */ = {
			isa = XCConfigurationList;
			buildConfigurations = (
				B034B0E325C3245D005187C4 /* Debug */,
				B034B0E425C3245D005187C4 /* Release */,
			);
			defaultConfigurationIsVisible = 0;
			defaultConfigurationName = Release;
		};
		B034B0E525C3245D005187C4 /* Build configuration list for PBXNativeTarget "iOSDemoUITests" */ = {
			isa = XCConfigurationList;
			buildConfigurations = (
				B034B0E625C3245D005187C4 /* Debug */,
				B034B0E725C3245D005187C4 /* Release */,
			);
			defaultConfigurationIsVisible = 0;
			defaultConfigurationName = Release;
		};
/* End XCConfigurationList section */
	};
	rootObject = B034B0AD25C3245B005187C4 /* Project object */;
}
