// !$*UTF8*$!
{
	archiveVersion = 1;
	classes = {
	};
	objectVersion = 50;
	objects = {

/* Begin PBXBuildFile section */
		B034AF1525C2AAA2005187C4 /* NetService.framework in Frameworks */ = {isa = PBXBuildFile; fileRef = B034AF0B25C2AAA2005187C4 /* NetService.framework */; };
		B034AF1A25C2AAA2005187C4 /* NetServiceTests.swift in Sources */ = {isa = PBXBuildFile; fileRef = B034AF1925C2AAA2005187C4 /* NetServiceTests.swift */; };
		B034AF1C25C2AAA2005187C4 /* NetService.h in Headers */ = {isa = PBXBuildFile; fileRef = B034AF0E25C2AAA2005187C4 /* NetService.h */; settings = {ATTRIBUTES = (Public, ); }; };
		B034AF3B25C2AB3A005187C4 /* MultipartFormData.swift in Sources */ = {isa = PBXBuildFile; fileRef = B034AF2825C2AB3A005187C4 /* MultipartFormData.swift */; };
		B034AF3C25C2AB3A005187C4 /* ParameterEncoding.swift in Sources */ = {isa = PBXBuildFile; fileRef = B034AF2925C2AB3A005187C4 /* ParameterEncoding.swift */; };
		B034AF3D25C2AB3A005187C4 /* ServerTrustPolicy.swift in Sources */ = {isa = PBXBuildFile; fileRef = B034AF2A25C2AB3A005187C4 /* ServerTrustPolicy.swift */; };
		B034AF3E25C2AB3A005187C4 /* Result+InternalExtension.swift in Sources */ = {isa = PBXBuildFile; fileRef = B034AF2B25C2AB3A005187C4 /* Result+InternalExtension.swift */; };
		B034AF3F25C2AB3A005187C4 /* RequestBuilder.swift in Sources */ = {isa = PBXBuildFile; fileRef = B034AF2C25C2AB3A005187C4 /* RequestBuilder.swift */; };
		B034AF4025C2AB3A005187C4 /* NetBuilders+CacheControl.swift in Sources */ = {isa = PBXBuildFile; fileRef = B034AF2D25C2AB3A005187C4 /* NetBuilders+CacheControl.swift */; };
		B034AF4125C2AB3A005187C4 /* NetBuilders+Authorization.swift in Sources */ = {isa = PBXBuildFile; fileRef = B034AF2E25C2AB3A005187C4 /* NetBuilders+Authorization.swift */; };
		B034AF4225C2AB3A005187C4 /* BaseDataService.swift in Sources */ = {isa = PBXBuildFile; fileRef = B034AF2F25C2AB3A005187C4 /* BaseDataService.swift */; };
		B034AF4325C2AB3A005187C4 /* NetBuilders.swift in Sources */ = {isa = PBXBuildFile; fileRef = B034AF3025C2AB3A005187C4 /* NetBuilders.swift */; };
		B034AF4425C2AB3A005187C4 /* Retry.swift in Sources */ = {isa = PBXBuildFile; fileRef = B034AF3125C2AB3A005187C4 /* Retry.swift */; };
		B034AF4525C2AB3A005187C4 /* URLSessionManager.swift in Sources */ = {isa = PBXBuildFile; fileRef = B034AF3225C2AB3A005187C4 /* URLSessionManager.swift */; };
		B034AF4625C2AB3A005187C4 /* ServiceAgent.swift in Sources */ = {isa = PBXBuildFile; fileRef = B034AF3325C2AB3A005187C4 /* ServiceAgent.swift */; };
		B034AF4725C2AB3A005187C4 /* Response.swift in Sources */ = {isa = PBXBuildFile; fileRef = B034AF3425C2AB3A005187C4 /* Response.swift */; };
		B034AF4825C2AB3A005187C4 /* NetBuilders+ContentType.swift in Sources */ = {isa = PBXBuildFile; fileRef = B034AF3525C2AB3A005187C4 /* NetBuilders+ContentType.swift */; };
		B034AF4925C2AB3A005187C4 /* SessionDelegate.swift in Sources */ = {isa = PBXBuildFile; fileRef = B034AF3625C2AB3A005187C4 /* SessionDelegate.swift */; };
		B034AF4A25C2AB3A005187C4 /* TaskDelegate.swift in Sources */ = {isa = PBXBuildFile; fileRef = B034AF3725C2AB3A005187C4 /* TaskDelegate.swift */; };
		B034AF4C25C2AB3A005187C4 /* Request.swift in Sources */ = {isa = PBXBuildFile; fileRef = B034AF3925C2AB3A005187C4 /* Request.swift */; };
		B034AF4D25C2AB3A005187C4 /* Middleware.swift in Sources */ = {isa = PBXBuildFile; fileRef = B034AF3A25C2AB3A005187C4 /* Middleware.swift */; };
		B034AF5525C2AB9E005187C4 /* APIError.swift in Sources */ = {isa = PBXBuildFile; fileRef = B034AF5425C2AB9E005187C4 /* APIError.swift */; };
		B034AF6425C2AC30005187C4 /* SessionDelegateTests.swift in Sources */ = {isa = PBXBuildFile; fileRef = B034AF5925C2AC30005187C4 /* SessionDelegateTests.swift */; };
		B034AF6525C2AC30005187C4 /* DataServiceTests.swift in Sources */ = {isa = PBXBuildFile; fileRef = B034AF5A25C2AC30005187C4 /* DataServiceTests.swift */; };
		B034AF6625C2AC30005187C4 /* UploadTests.swift in Sources */ = {isa = PBXBuildFile; fileRef = B034AF5B25C2AC30005187C4 /* UploadTests.swift */; };
		B034AF6725C2AC30005187C4 /* AuthorizationTests.swift in Sources */ = {isa = PBXBuildFile; fileRef = B034AF5C25C2AC30005187C4 /* AuthorizationTests.swift */; };
		B034AF6825C2AC30005187C4 /* unicorn.png in Resources */ = {isa = PBXBuildFile; fileRef = B034AF5F25C2AC30005187C4 /* unicorn.png */; };
		B034AF6925C2AC30005187C4 /* rainbow.jpg in Resources */ = {isa = PBXBuildFile; fileRef = B034AF6025C2AC30005187C4 /* rainbow.jpg */; };
		B034AF6A25C2AC30005187C4 /* DownloadServiceTests.swift in Sources */ = {isa = PBXBuildFile; fileRef = B034AF6225C2AC30005187C4 /* DownloadServiceTests.swift */; };
		B034AF6B25C2AC30005187C4 /* BaseTestCase.swift in Sources */ = {isa = PBXBuildFile; fileRef = B034AF6325C2AC30005187C4 /* BaseTestCase.swift */; };
		B034AFD625C2EFEB005187C4 /* NetService.framework in Frameworks */ = {isa = PBXBuildFile; fileRef = B034AFCD25C2EFEB005187C4 /* NetService.framework */; };
		B034AFFC25C30A4F005187C4 /* SessionDelegateTests.swift in Sources */ = {isa = PBXBuildFile; fileRef = B034AF5925C2AC30005187C4 /* SessionDelegateTests.swift */; };
		B034AFFD25C30A52005187C4 /* DataServiceTests.swift in Sources */ = {isa = PBXBuildFile; fileRef = B034AF5A25C2AC30005187C4 /* DataServiceTests.swift */; };
		B034B00225C30A55005187C4 /* UploadTests.swift in Sources */ = {isa = PBXBuildFile; fileRef = B034AF5B25C2AC30005187C4 /* UploadTests.swift */; };
		B034B00725C30A59005187C4 /* AuthorizationTests.swift in Sources */ = {isa = PBXBuildFile; fileRef = B034AF5C25C2AC30005187C4 /* AuthorizationTests.swift */; };
		B034B00C25C30A5D005187C4 /* DownloadServiceTests.swift in Sources */ = {isa = PBXBuildFile; fileRef = B034AF6225C2AC30005187C4 /* DownloadServiceTests.swift */; };
		B034B01125C30AAD005187C4 /* APIError.swift in Sources */ = {isa = PBXBuildFile; fileRef = B034AF5425C2AB9E005187C4 /* APIError.swift */; };
		B034B01225C30AAD005187C4 /* BaseDataService.swift in Sources */ = {isa = PBXBuildFile; fileRef = B034AF2F25C2AB3A005187C4 /* BaseDataService.swift */; };
		B034B01325C30AAD005187C4 /* Middleware.swift in Sources */ = {isa = PBXBuildFile; fileRef = B034AF3A25C2AB3A005187C4 /* Middleware.swift */; };
		B034B01425C30AAD005187C4 /* MultipartFormData.swift in Sources */ = {isa = PBXBuildFile; fileRef = B034AF2825C2AB3A005187C4 /* MultipartFormData.swift */; };
		B034B01525C30AAD005187C4 /* NetBuilders.swift in Sources */ = {isa = PBXBuildFile; fileRef = B034AF3025C2AB3A005187C4 /* NetBuilders.swift */; };
		B034B01625C30AAD005187C4 /* NetBuilders+Authorization.swift in Sources */ = {isa = PBXBuildFile; fileRef = B034AF2E25C2AB3A005187C4 /* NetBuilders+Authorization.swift */; };
		B034B01725C30AAD005187C4 /* NetBuilders+CacheControl.swift in Sources */ = {isa = PBXBuildFile; fileRef = B034AF2D25C2AB3A005187C4 /* NetBuilders+CacheControl.swift */; };
		B034B01825C30AAD005187C4 /* NetBuilders+ContentType.swift in Sources */ = {isa = PBXBuildFile; fileRef = B034AF3525C2AB3A005187C4 /* NetBuilders+ContentType.swift */; };
		B034B01925C30AAD005187C4 /* ParameterEncoding.swift in Sources */ = {isa = PBXBuildFile; fileRef = B034AF2925C2AB3A005187C4 /* ParameterEncoding.swift */; };
		B034B01A25C30AAD005187C4 /* Request.swift in Sources */ = {isa = PBXBuildFile; fileRef = B034AF3925C2AB3A005187C4 /* Request.swift */; };
		B034B01B25C30AAD005187C4 /* RequestBuilder.swift in Sources */ = {isa = PBXBuildFile; fileRef = B034AF2C25C2AB3A005187C4 /* RequestBuilder.swift */; };
		B034B01C25C30AAD005187C4 /* Response.swift in Sources */ = {isa = PBXBuildFile; fileRef = B034AF3425C2AB3A005187C4 /* Response.swift */; };
		B034B01D25C30AAD005187C4 /* Result+InternalExtension.swift in Sources */ = {isa = PBXBuildFile; fileRef = B034AF2B25C2AB3A005187C4 /* Result+InternalExtension.swift */; };
		B034B01E25C30AAD005187C4 /* Retry.swift in Sources */ = {isa = PBXBuildFile; fileRef = B034AF3125C2AB3A005187C4 /* Retry.swift */; };
		B034B01F25C30AAD005187C4 /* ServerTrustPolicy.swift in Sources */ = {isa = PBXBuildFile; fileRef = B034AF2A25C2AB3A005187C4 /* ServerTrustPolicy.swift */; };
		B034B02025C30AAD005187C4 /* ServiceAgent.swift in Sources */ = {isa = PBXBuildFile; fileRef = B034AF3325C2AB3A005187C4 /* ServiceAgent.swift */; };
		B034B02125C30AAD005187C4 /* SessionDelegate.swift in Sources */ = {isa = PBXBuildFile; fileRef = B034AF3625C2AB3A005187C4 /* SessionDelegate.swift */; };
		B034B02225C30AAD005187C4 /* TaskDelegate.swift in Sources */ = {isa = PBXBuildFile; fileRef = B034AF3725C2AB3A005187C4 /* TaskDelegate.swift */; };
		B034B02325C30AAD005187C4 /* URLSessionManager.swift in Sources */ = {isa = PBXBuildFile; fileRef = B034AF3225C2AB3A005187C4 /* URLSessionManager.swift */; };
		B034B02825C30AE4005187C4 /* NetServiceTests.swift in Sources */ = {isa = PBXBuildFile; fileRef = B034AF1925C2AAA2005187C4 /* NetServiceTests.swift */; };
		B034B03525C30C70005187C4 /* BaseTestCase.swift in Sources */ = {isa = PBXBuildFile; fileRef = B034AF6325C2AC30005187C4 /* BaseTestCase.swift */; };
		B034B03A25C30D38005187C4 /* unicorn.png in Resources */ = {isa = PBXBuildFile; fileRef = B034AF5F25C2AC30005187C4 /* unicorn.png */; };
		B034B03B25C30D3B005187C4 /* rainbow.jpg in Resources */ = {isa = PBXBuildFile; fileRef = B034AF6025C2AC30005187C4 /* rainbow.jpg */; };
		B034B05625C31AA8005187C4 /* NetService.podspec in Resources */ = {isa = PBXBuildFile; fileRef = B034B05425C31AA8005187C4 /* NetService.podspec */; };
		B034B05725C31AA8005187C4 /* LICENSE in Resources */ = {isa = PBXBuildFile; fileRef = B034B05525C31AA8005187C4 /* LICENSE */; };
		B034B05E25C31B35005187C4 /* README.md in Resources */ = {isa = PBXBuildFile; fileRef = B034B05D25C31B35005187C4 /* README.md */; };
		B057005025C9B4D100D73456 /* NetServiceDataStruct.swift in Sources */ = {isa = PBXBuildFile; fileRef = B057004F25C9B4D100D73456 /* NetServiceDataStruct.swift */; };
		B057005125C9B4D100D73456 /* NetServiceDataStruct.swift in Sources */ = {isa = PBXBuildFile; fileRef = B057004F25C9B4D100D73456 /* NetServiceDataStruct.swift */; };
		B08821F125C7CE4A00A61B4E /* TransformTests.swift in Sources */ = {isa = PBXBuildFile; fileRef = B08821F025C7CE4A00A61B4E /* TransformTests.swift */; };
		B08821F225C7CE4A00A61B4E /* TransformTests.swift in Sources */ = {isa = PBXBuildFile; fileRef = B08821F025C7CE4A00A61B4E /* TransformTests.swift */; };
		B088220025C7F57E00A61B4E /* ServerTrustPolicyTests.swift in Sources */ = {isa = PBXBuildFile; fileRef = B08821FF25C7F57E00A61B4E /* ServerTrustPolicyTests.swift */; };
		B088227925C7F5EA00A61B4E /* expired.badssl.com-intermediate-ca-1.cer in Resources */ = {isa = PBXBuildFile; fileRef = B088226025C7F5EA00A61B4E /* expired.badssl.com-intermediate-ca-1.cer */; };
		B088227A25C7F5EA00A61B4E /* expired.badssl.com-intermediate-ca-1.cer in Resources */ = {isa = PBXBuildFile; fileRef = B088226025C7F5EA00A61B4E /* expired.badssl.com-intermediate-ca-1.cer */; };
		B088227B25C7F5EA00A61B4E /* expired.badssl.com-intermediate-ca-2.cer in Resources */ = {isa = PBXBuildFile; fileRef = B088226125C7F5EA00A61B4E /* expired.badssl.com-intermediate-ca-2.cer */; };
		B088227C25C7F5EA00A61B4E /* expired.badssl.com-intermediate-ca-2.cer in Resources */ = {isa = PBXBuildFile; fileRef = B088226125C7F5EA00A61B4E /* expired.badssl.com-intermediate-ca-2.cer */; };
		B088227D25C7F5EA00A61B4E /* expired.badssl.com-root-ca.cer in Resources */ = {isa = PBXBuildFile; fileRef = B088226225C7F5EA00A61B4E /* expired.badssl.com-root-ca.cer */; };
		B088227E25C7F5EA00A61B4E /* expired.badssl.com-root-ca.cer in Resources */ = {isa = PBXBuildFile; fileRef = B088226225C7F5EA00A61B4E /* expired.badssl.com-root-ca.cer */; };
		B088227F25C7F5EA00A61B4E /* expired.badssl.com-leaf.cer in Resources */ = {isa = PBXBuildFile; fileRef = B088226325C7F5EA00A61B4E /* expired.badssl.com-leaf.cer */; };
		B088228025C7F5EA00A61B4E /* expired.badssl.com-leaf.cer in Resources */ = {isa = PBXBuildFile; fileRef = B088226325C7F5EA00A61B4E /* expired.badssl.com-leaf.cer */; };
		B088228125C7F5EA00A61B4E /* alamofire-signing-ca2.cer in Resources */ = {isa = PBXBuildFile; fileRef = B088226525C7F5EA00A61B4E /* alamofire-signing-ca2.cer */; };
		B088228225C7F5EA00A61B4E /* alamofire-signing-ca2.cer in Resources */ = {isa = PBXBuildFile; fileRef = B088226525C7F5EA00A61B4E /* alamofire-signing-ca2.cer */; };
		B088228325C7F5EA00A61B4E /* alamofire-signing-ca1.cer in Resources */ = {isa = PBXBuildFile; fileRef = B088226625C7F5EA00A61B4E /* alamofire-signing-ca1.cer */; };
		B088228425C7F5EA00A61B4E /* alamofire-signing-ca1.cer in Resources */ = {isa = PBXBuildFile; fileRef = B088226625C7F5EA00A61B4E /* alamofire-signing-ca1.cer */; };
		B088228525C7F5EA00A61B4E /* signed-by-ca2.cer in Resources */ = {isa = PBXBuildFile; fileRef = B088226725C7F5EA00A61B4E /* signed-by-ca2.cer */; };
		B088228625C7F5EA00A61B4E /* signed-by-ca2.cer in Resources */ = {isa = PBXBuildFile; fileRef = B088226725C7F5EA00A61B4E /* signed-by-ca2.cer */; };
		B088228725C7F5EA00A61B4E /* signed-by-ca1.cer in Resources */ = {isa = PBXBuildFile; fileRef = B088226825C7F5EA00A61B4E /* signed-by-ca1.cer */; };
		B088228825C7F5EA00A61B4E /* signed-by-ca1.cer in Resources */ = {isa = PBXBuildFile; fileRef = B088226825C7F5EA00A61B4E /* signed-by-ca1.cer */; };
		B088228925C7F5EA00A61B4E /* missing-dns-name-and-uri.cer in Resources */ = {isa = PBXBuildFile; fileRef = B088226925C7F5EA00A61B4E /* missing-dns-name-and-uri.cer */; };
		B088228A25C7F5EA00A61B4E /* missing-dns-name-and-uri.cer in Resources */ = {isa = PBXBuildFile; fileRef = B088226925C7F5EA00A61B4E /* missing-dns-name-and-uri.cer */; };
		B088228B25C7F5EA00A61B4E /* wildcard.alamofire.org.cer in Resources */ = {isa = PBXBuildFile; fileRef = B088226A25C7F5EA00A61B4E /* wildcard.alamofire.org.cer */; };
		B088228C25C7F5EA00A61B4E /* wildcard.alamofire.org.cer in Resources */ = {isa = PBXBuildFile; fileRef = B088226A25C7F5EA00A61B4E /* wildcard.alamofire.org.cer */; };
		B088228D25C7F5EA00A61B4E /* test.alamofire.org.cer in Resources */ = {isa = PBXBuildFile; fileRef = B088226B25C7F5EA00A61B4E /* test.alamofire.org.cer */; };
		B088228E25C7F5EA00A61B4E /* test.alamofire.org.cer in Resources */ = {isa = PBXBuildFile; fileRef = B088226B25C7F5EA00A61B4E /* test.alamofire.org.cer */; };
		B088228F25C7F5EA00A61B4E /* alamofire-root-ca.cer in Resources */ = {isa = PBXBuildFile; fileRef = B088226C25C7F5EA00A61B4E /* alamofire-root-ca.cer */; };
		B088229025C7F5EA00A61B4E /* alamofire-root-ca.cer in Resources */ = {isa = PBXBuildFile; fileRef = B088226C25C7F5EA00A61B4E /* alamofire-root-ca.cer */; };
		B088229125C7F5EA00A61B4E /* valid-uri.cer in Resources */ = {isa = PBXBuildFile; fileRef = B088226D25C7F5EA00A61B4E /* valid-uri.cer */; };
		B088229225C7F5EA00A61B4E /* valid-uri.cer in Resources */ = {isa = PBXBuildFile; fileRef = B088226D25C7F5EA00A61B4E /* valid-uri.cer */; };
		B088229325C7F5EA00A61B4E /* multiple-dns-names.cer in Resources */ = {isa = PBXBuildFile; fileRef = B088226E25C7F5EA00A61B4E /* multiple-dns-names.cer */; };
		B088229425C7F5EA00A61B4E /* multiple-dns-names.cer in Resources */ = {isa = PBXBuildFile; fileRef = B088226E25C7F5EA00A61B4E /* multiple-dns-names.cer */; };
		B088229525C7F5EA00A61B4E /* expired.cer in Resources */ = {isa = PBXBuildFile; fileRef = B088226F25C7F5EA00A61B4E /* expired.cer */; };
		B088229625C7F5EA00A61B4E /* expired.cer in Resources */ = {isa = PBXBuildFile; fileRef = B088226F25C7F5EA00A61B4E /* expired.cer */; };
		B088229725C7F5EA00A61B4E /* valid-dns-name.cer in Resources */ = {isa = PBXBuildFile; fileRef = B088227025C7F5EA00A61B4E /* valid-dns-name.cer */; };
		B088229825C7F5EA00A61B4E /* valid-dns-name.cer in Resources */ = {isa = PBXBuildFile; fileRef = B088227025C7F5EA00A61B4E /* valid-dns-name.cer */; };
		B088229925C7F5EA00A61B4E /* certPEM.cer in Resources */ = {isa = PBXBuildFile; fileRef = B088227225C7F5EA00A61B4E /* certPEM.cer */; };
		B088229A25C7F5EA00A61B4E /* certPEM.cer in Resources */ = {isa = PBXBuildFile; fileRef = B088227225C7F5EA00A61B4E /* certPEM.cer */; };
		B088229B25C7F5EA00A61B4E /* randomGibberish.crt in Resources */ = {isa = PBXBuildFile; fileRef = B088227325C7F5EA00A61B4E /* randomGibberish.crt */; };
		B088229C25C7F5EA00A61B4E /* randomGibberish.crt in Resources */ = {isa = PBXBuildFile; fileRef = B088227325C7F5EA00A61B4E /* randomGibberish.crt */; };
		B088229D25C7F5EA00A61B4E /* certDER.der in Resources */ = {isa = PBXBuildFile; fileRef = B088227425C7F5EA00A61B4E /* certDER.der */; };
		B088229E25C7F5EA00A61B4E /* certDER.der in Resources */ = {isa = PBXBuildFile; fileRef = B088227425C7F5EA00A61B4E /* certDER.der */; };
		B088229F25C7F5EA00A61B4E /* keyDER.der in Resources */ = {isa = PBXBuildFile; fileRef = B088227525C7F5EA00A61B4E /* keyDER.der */; };
		B08822A025C7F5EA00A61B4E /* keyDER.der in Resources */ = {isa = PBXBuildFile; fileRef = B088227525C7F5EA00A61B4E /* keyDER.der */; };
		B08822A125C7F5EA00A61B4E /* certDER.cer in Resources */ = {isa = PBXBuildFile; fileRef = B088227625C7F5EA00A61B4E /* certDER.cer */; };
		B08822A225C7F5EA00A61B4E /* certDER.cer in Resources */ = {isa = PBXBuildFile; fileRef = B088227625C7F5EA00A61B4E /* certDER.cer */; };
		B08822A325C7F5EA00A61B4E /* certPEM.crt in Resources */ = {isa = PBXBuildFile; fileRef = B088227725C7F5EA00A61B4E /* certPEM.crt */; };
		B08822A425C7F5EA00A61B4E /* certPEM.crt in Resources */ = {isa = PBXBuildFile; fileRef = B088227725C7F5EA00A61B4E /* certPEM.crt */; };
		B08822A525C7F5EA00A61B4E /* certDER.crt in Resources */ = {isa = PBXBuildFile; fileRef = B088227825C7F5EA00A61B4E /* certDER.crt */; };
		B08822A625C7F5EA00A61B4E /* certDER.crt in Resources */ = {isa = PBXBuildFile; fileRef = B088227825C7F5EA00A61B4E /* certDER.crt */; };
/* End PBXBuildFile section */

/* Begin PBXContainerItemProxy section */
		B034AF1625C2AAA2005187C4 /* PBXContainerItemProxy */ = {
			isa = PBXContainerItemProxy;
			containerPortal = B034AF0225C2AAA2005187C4 /* Project object */;
			proxyType = 1;
			remoteGlobalIDString = B034AF0A25C2AAA2005187C4;
			remoteInfo = NetService;
		};
		B034AFD725C2EFEB005187C4 /* PBXContainerItemProxy */ = {
			isa = PBXContainerItemProxy;
			containerPortal = B034AF0225C2AAA2005187C4 /* Project object */;
			proxyType = 1;
			remoteGlobalIDString = B034AFCC25C2EFEB005187C4;
			remoteInfo = NetService;
		};
/* End PBXContainerItemProxy section */

/* Begin PBXFileReference section */
		B034AF0B25C2AAA2005187C4 /* NetService.framework */ = {isa = PBXFileReference; explicitFileType = wrapper.framework; includeInIndex = 0; path = NetService.framework; sourceTree = BUILT_PRODUCTS_DIR; };
		B034AF0E25C2AAA2005187C4 /* NetService.h */ = {isa = PBXFileReference; lastKnownFileType = sourcecode.c.h; path = NetService.h; sourceTree = "<group>"; };
		B034AF0F25C2AAA2005187C4 /* Info.plist */ = {isa = PBXFileReference; lastKnownFileType = text.plist.xml; path = Info.plist; sourceTree = "<group>"; };
		B034AF1425C2AAA2005187C4 /* NetService iOS Tests.xctest */ = {isa = PBXFileReference; explicitFileType = wrapper.cfbundle; includeInIndex = 0; path = "NetService iOS Tests.xctest"; sourceTree = BUILT_PRODUCTS_DIR; };
		B034AF1925C2AAA2005187C4 /* NetServiceTests.swift */ = {isa = PBXFileReference; lastKnownFileType = sourcecode.swift; path = NetServiceTests.swift; sourceTree = "<group>"; };
		B034AF1B25C2AAA2005187C4 /* Info.plist */ = {isa = PBXFileReference; lastKnownFileType = text.plist.xml; path = Info.plist; sourceTree = "<group>"; };
		B034AF2825C2AB3A005187C4 /* MultipartFormData.swift */ = {isa = PBXFileReference; fileEncoding = 4; lastKnownFileType = sourcecode.swift; path = MultipartFormData.swift; sourceTree = "<group>"; };
		B034AF2925C2AB3A005187C4 /* ParameterEncoding.swift */ = {isa = PBXFileReference; fileEncoding = 4; lastKnownFileType = sourcecode.swift; path = ParameterEncoding.swift; sourceTree = "<group>"; };
		B034AF2A25C2AB3A005187C4 /* ServerTrustPolicy.swift */ = {isa = PBXFileReference; fileEncoding = 4; lastKnownFileType = sourcecode.swift; path = ServerTrustPolicy.swift; sourceTree = "<group>"; };
		B034AF2B25C2AB3A005187C4 /* Result+InternalExtension.swift */ = {isa = PBXFileReference; fileEncoding = 4; lastKnownFileType = sourcecode.swift; path = "Result+InternalExtension.swift"; sourceTree = "<group>"; };
		B034AF2C25C2AB3A005187C4 /* RequestBuilder.swift */ = {isa = PBXFileReference; fileEncoding = 4; lastKnownFileType = sourcecode.swift; path = RequestBuilder.swift; sourceTree = "<group>"; };
		B034AF2D25C2AB3A005187C4 /* NetBuilders+CacheControl.swift */ = {isa = PBXFileReference; fileEncoding = 4; lastKnownFileType = sourcecode.swift; path = "NetBuilders+CacheControl.swift"; sourceTree = "<group>"; };
		B034AF2E25C2AB3A005187C4 /* NetBuilders+Authorization.swift */ = {isa = PBXFileReference; fileEncoding = 4; lastKnownFileType = sourcecode.swift; path = "NetBuilders+Authorization.swift"; sourceTree = "<group>"; };
		B034AF2F25C2AB3A005187C4 /* BaseDataService.swift */ = {isa = PBXFileReference; fileEncoding = 4; lastKnownFileType = sourcecode.swift; path = BaseDataService.swift; sourceTree = "<group>"; };
		B034AF3025C2AB3A005187C4 /* NetBuilders.swift */ = {isa = PBXFileReference; fileEncoding = 4; lastKnownFileType = sourcecode.swift; path = NetBuilders.swift; sourceTree = "<group>"; };
		B034AF3125C2AB3A005187C4 /* Retry.swift */ = {isa = PBXFileReference; fileEncoding = 4; lastKnownFileType = sourcecode.swift; path = Retry.swift; sourceTree = "<group>"; };
		B034AF3225C2AB3A005187C4 /* URLSessionManager.swift */ = {isa = PBXFileReference; fileEncoding = 4; lastKnownFileType = sourcecode.swift; path = URLSessionManager.swift; sourceTree = "<group>"; };
		B034AF3325C2AB3A005187C4 /* ServiceAgent.swift */ = {isa = PBXFileReference; fileEncoding = 4; lastKnownFileType = sourcecode.swift; path = ServiceAgent.swift; sourceTree = "<group>"; };
		B034AF3425C2AB3A005187C4 /* Response.swift */ = {isa = PBXFileReference; fileEncoding = 4; lastKnownFileType = sourcecode.swift; path = Response.swift; sourceTree = "<group>"; };
		B034AF3525C2AB3A005187C4 /* NetBuilders+ContentType.swift */ = {isa = PBXFileReference; fileEncoding = 4; lastKnownFileType = sourcecode.swift; path = "NetBuilders+ContentType.swift"; sourceTree = "<group>"; };
		B034AF3625C2AB3A005187C4 /* SessionDelegate.swift */ = {isa = PBXFileReference; fileEncoding = 4; lastKnownFileType = sourcecode.swift; path = SessionDelegate.swift; sourceTree = "<group>"; };
		B034AF3725C2AB3A005187C4 /* TaskDelegate.swift */ = {isa = PBXFileReference; fileEncoding = 4; lastKnownFileType = sourcecode.swift; path = TaskDelegate.swift; sourceTree = "<group>"; };
		B034AF3925C2AB3A005187C4 /* Request.swift */ = {isa = PBXFileReference; fileEncoding = 4; lastKnownFileType = sourcecode.swift; path = Request.swift; sourceTree = "<group>"; };
		B034AF3A25C2AB3A005187C4 /* Middleware.swift */ = {isa = PBXFileReference; fileEncoding = 4; lastKnownFileType = sourcecode.swift; path = Middleware.swift; sourceTree = "<group>"; };
		B034AF5425C2AB9E005187C4 /* APIError.swift */ = {isa = PBXFileReference; fileEncoding = 4; lastKnownFileType = sourcecode.swift; path = APIError.swift; sourceTree = "<group>"; };
		B034AF5925C2AC30005187C4 /* SessionDelegateTests.swift */ = {isa = PBXFileReference; fileEncoding = 4; lastKnownFileType = sourcecode.swift; path = SessionDelegateTests.swift; sourceTree = "<group>"; };
		B034AF5A25C2AC30005187C4 /* DataServiceTests.swift */ = {isa = PBXFileReference; fileEncoding = 4; lastKnownFileType = sourcecode.swift; path = DataServiceTests.swift; sourceTree = "<group>"; };
		B034AF5B25C2AC30005187C4 /* UploadTests.swift */ = {isa = PBXFileReference; fileEncoding = 4; lastKnownFileType = sourcecode.swift; path = UploadTests.swift; sourceTree = "<group>"; };
		B034AF5C25C2AC30005187C4 /* AuthorizationTests.swift */ = {isa = PBXFileReference; fileEncoding = 4; lastKnownFileType = sourcecode.swift; path = AuthorizationTests.swift; sourceTree = "<group>"; };
		B034AF5F25C2AC30005187C4 /* unicorn.png */ = {isa = PBXFileReference; lastKnownFileType = image.png; path = unicorn.png; sourceTree = "<group>"; };
		B034AF6025C2AC30005187C4 /* rainbow.jpg */ = {isa = PBXFileReference; lastKnownFileType = image.jpeg; path = rainbow.jpg; sourceTree = "<group>"; };
		B034AF6225C2AC30005187C4 /* DownloadServiceTests.swift */ = {isa = PBXFileReference; fileEncoding = 4; lastKnownFileType = sourcecode.swift; path = DownloadServiceTests.swift; sourceTree = "<group>"; };
		B034AF6325C2AC30005187C4 /* BaseTestCase.swift */ = {isa = PBXFileReference; fileEncoding = 4; lastKnownFileType = sourcecode.swift; path = BaseTestCase.swift; sourceTree = "<group>"; };
		B034AFCD25C2EFEB005187C4 /* NetService.framework */ = {isa = PBXFileReference; explicitFileType = wrapper.framework; includeInIndex = 0; path = NetService.framework; sourceTree = BUILT_PRODUCTS_DIR; };
		B034AFD525C2EFEB005187C4 /* NetService macOS Tests.xctest */ = {isa = PBXFileReference; explicitFileType = wrapper.cfbundle; includeInIndex = 0; path = "NetService macOS Tests.xctest"; sourceTree = BUILT_PRODUCTS_DIR; };
		B034B05425C31AA8005187C4 /* NetService.podspec */ = {isa = PBXFileReference; fileEncoding = 4; lastKnownFileType = text; path = NetService.podspec; sourceTree = "<group>"; };
		B034B05525C31AA8005187C4 /* LICENSE */ = {isa = PBXFileReference; fileEncoding = 4; lastKnownFileType = text; path = LICENSE; sourceTree = "<group>"; };
		B034B05D25C31B35005187C4 /* README.md */ = {isa = PBXFileReference; fileEncoding = 4; lastKnownFileType = net.daringfireball.markdown; path = README.md; sourceTree = "<group>"; };
		B057004F25C9B4D100D73456 /* NetServiceDataStruct.swift */ = {isa = PBXFileReference; lastKnownFileType = sourcecode.swift; path = NetServiceDataStruct.swift; sourceTree = "<group>"; };
		B08821F025C7CE4A00A61B4E /* TransformTests.swift */ = {isa = PBXFileReference; lastKnownFileType = sourcecode.swift; path = TransformTests.swift; sourceTree = "<group>"; };
		B08821FF25C7F57E00A61B4E /* ServerTrustPolicyTests.swift */ = {isa = PBXFileReference; lastKnownFileType = sourcecode.swift; path = ServerTrustPolicyTests.swift; sourceTree = "<group>"; };
		B088226025C7F5EA00A61B4E /* expired.badssl.com-intermediate-ca-1.cer */ = {isa = PBXFileReference; lastKnownFileType = file; path = "expired.badssl.com-intermediate-ca-1.cer"; sourceTree = "<group>"; };
		B088226125C7F5EA00A61B4E /* expired.badssl.com-intermediate-ca-2.cer */ = {isa = PBXFileReference; lastKnownFileType = file; path = "expired.badssl.com-intermediate-ca-2.cer"; sourceTree = "<group>"; };
		B088226225C7F5EA00A61B4E /* expired.badssl.com-root-ca.cer */ = {isa = PBXFileReference; lastKnownFileType = file; path = "expired.badssl.com-root-ca.cer"; sourceTree = "<group>"; };
		B088226325C7F5EA00A61B4E /* expired.badssl.com-leaf.cer */ = {isa = PBXFileReference; lastKnownFileType = file; path = "expired.badssl.com-leaf.cer"; sourceTree = "<group>"; };
		B088226525C7F5EA00A61B4E /* alamofire-signing-ca2.cer */ = {isa = PBXFileReference; lastKnownFileType = file; path = "alamofire-signing-ca2.cer"; sourceTree = "<group>"; };
		B088226625C7F5EA00A61B4E /* alamofire-signing-ca1.cer */ = {isa = PBXFileReference; lastKnownFileType = file; path = "alamofire-signing-ca1.cer"; sourceTree = "<group>"; };
		B088226725C7F5EA00A61B4E /* signed-by-ca2.cer */ = {isa = PBXFileReference; lastKnownFileType = file; path = "signed-by-ca2.cer"; sourceTree = "<group>"; };
		B088226825C7F5EA00A61B4E /* signed-by-ca1.cer */ = {isa = PBXFileReference; lastKnownFileType = file; path = "signed-by-ca1.cer"; sourceTree = "<group>"; };
		B088226925C7F5EA00A61B4E /* missing-dns-name-and-uri.cer */ = {isa = PBXFileReference; lastKnownFileType = file; path = "missing-dns-name-and-uri.cer"; sourceTree = "<group>"; };
		B088226A25C7F5EA00A61B4E /* wildcard.alamofire.org.cer */ = {isa = PBXFileReference; lastKnownFileType = file; path = wildcard.alamofire.org.cer; sourceTree = "<group>"; };
		B088226B25C7F5EA00A61B4E /* test.alamofire.org.cer */ = {isa = PBXFileReference; lastKnownFileType = file; path = test.alamofire.org.cer; sourceTree = "<group>"; };
		B088226C25C7F5EA00A61B4E /* alamofire-root-ca.cer */ = {isa = PBXFileReference; lastKnownFileType = file; path = "alamofire-root-ca.cer"; sourceTree = "<group>"; };
		B088226D25C7F5EA00A61B4E /* valid-uri.cer */ = {isa = PBXFileReference; lastKnownFileType = file; path = "valid-uri.cer"; sourceTree = "<group>"; };
		B088226E25C7F5EA00A61B4E /* multiple-dns-names.cer */ = {isa = PBXFileReference; lastKnownFileType = file; path = "multiple-dns-names.cer"; sourceTree = "<group>"; };
		B088226F25C7F5EA00A61B4E /* expired.cer */ = {isa = PBXFileReference; lastKnownFileType = file; path = expired.cer; sourceTree = "<group>"; };
		B088227025C7F5EA00A61B4E /* valid-dns-name.cer */ = {isa = PBXFileReference; lastKnownFileType = file; path = "valid-dns-name.cer"; sourceTree = "<group>"; };
		B088227225C7F5EA00A61B4E /* certPEM.cer */ = {isa = PBXFileReference; fileEncoding = 4; lastKnownFileType = text; path = certPEM.cer; sourceTree = "<group>"; };
		B088227325C7F5EA00A61B4E /* randomGibberish.crt */ = {isa = PBXFileReference; lastKnownFileType = file; path = randomGibberish.crt; sourceTree = "<group>"; };
		B088227425C7F5EA00A61B4E /* certDER.der */ = {isa = PBXFileReference; lastKnownFileType = file; path = certDER.der; sourceTree = "<group>"; };
		B088227525C7F5EA00A61B4E /* keyDER.der */ = {isa = PBXFileReference; lastKnownFileType = file; path = keyDER.der; sourceTree = "<group>"; };
		B088227625C7F5EA00A61B4E /* certDER.cer */ = {isa = PBXFileReference; lastKnownFileType = file; path = certDER.cer; sourceTree = "<group>"; };
		B088227725C7F5EA00A61B4E /* certPEM.crt */ = {isa = PBXFileReference; fileEncoding = 4; lastKnownFileType = text; path = certPEM.crt; sourceTree = "<group>"; };
		B088227825C7F5EA00A61B4E /* certDER.crt */ = {isa = PBXFileReference; lastKnownFileType = file; path = certDER.crt; sourceTree = "<group>"; };
/* End PBXFileReference section */

/* Begin PBXFrameworksBuildPhase section */
		B034AF0825C2AAA2005187C4 /* Frameworks */ = {
			isa = PBXFrameworksBuildPhase;
			buildActionMask = 2147483647;
			files = (
			);
			runOnlyForDeploymentPostprocessing = 0;
		};
		B034AF1125C2AAA2005187C4 /* Frameworks */ = {
			isa = PBXFrameworksBuildPhase;
			buildActionMask = 2147483647;
			files = (
				B034AF1525C2AAA2005187C4 /* NetService.framework in Frameworks */,
			);
			runOnlyForDeploymentPostprocessing = 0;
		};
		B034AFCA25C2EFEB005187C4 /* Frameworks */ = {
			isa = PBXFrameworksBuildPhase;
			buildActionMask = 2147483647;
			files = (
			);
			runOnlyForDeploymentPostprocessing = 0;
		};
		B034AFD225C2EFEB005187C4 /* Frameworks */ = {
			isa = PBXFrameworksBuildPhase;
			buildActionMask = 2147483647;
			files = (
				B034AFD625C2EFEB005187C4 /* NetService.framework in Frameworks */,
			);
			runOnlyForDeploymentPostprocessing = 0;
		};
/* End PBXFrameworksBuildPhase section */

/* Begin PBXGroup section */
		B034AF0125C2AAA2005187C4 = {
			isa = PBXGroup;
			children = (
				B05EC36525CB366700323ECC /* images */,
				B034B05C25C31B22005187C4 /* Documentation */,
				B034B05325C31A93005187C4 /* Deployment */,
				B034AF0D25C2AAA2005187C4 /* NetService */,
				B034AF2725C2AB0E005187C4 /* Supporting Files */,
				B034AF1825C2AAA2005187C4 /* NetServiceTests */,
				B034AF0C25C2AAA2005187C4 /* Products */,
			);
			sourceTree = "<group>";
		};
		B034AF0C25C2AAA2005187C4 /* Products */ = {
			isa = PBXGroup;
			children = (
				B034AF0B25C2AAA2005187C4 /* NetService.framework */,
				B034AF1425C2AAA2005187C4 /* NetService iOS Tests.xctest */,
				B034AFCD25C2EFEB005187C4 /* NetService.framework */,
				B034AFD525C2EFEB005187C4 /* NetService macOS Tests.xctest */,
			);
			name = Products;
			sourceTree = "<group>";
		};
		B034AF0D25C2AAA2005187C4 /* NetService */ = {
			isa = PBXGroup;
			children = (
				B034AF5425C2AB9E005187C4 /* APIError.swift */,
				B034AF2F25C2AB3A005187C4 /* BaseDataService.swift */,
				B034AF3A25C2AB3A005187C4 /* Middleware.swift */,
				B034AF2825C2AB3A005187C4 /* MultipartFormData.swift */,
				B034AF3025C2AB3A005187C4 /* NetBuilders.swift */,
				B034AF2E25C2AB3A005187C4 /* NetBuilders+Authorization.swift */,
				B034AF2D25C2AB3A005187C4 /* NetBuilders+CacheControl.swift */,
				B034AF3525C2AB3A005187C4 /* NetBuilders+ContentType.swift */,
				B034AF2925C2AB3A005187C4 /* ParameterEncoding.swift */,
				B034AF3925C2AB3A005187C4 /* Request.swift */,
				B034AF2C25C2AB3A005187C4 /* RequestBuilder.swift */,
				B034AF3425C2AB3A005187C4 /* Response.swift */,
				B034AF2B25C2AB3A005187C4 /* Result+InternalExtension.swift */,
				B034AF3125C2AB3A005187C4 /* Retry.swift */,
				B034AF2A25C2AB3A005187C4 /* ServerTrustPolicy.swift */,
				B034AF3325C2AB3A005187C4 /* ServiceAgent.swift */,
				B034AF3625C2AB3A005187C4 /* SessionDelegate.swift */,
				B034AF3725C2AB3A005187C4 /* TaskDelegate.swift */,
				B034AF3225C2AB3A005187C4 /* URLSessionManager.swift */,
				B057004F25C9B4D100D73456 /* NetServiceDataStruct.swift */,
			);
			path = NetService;
			sourceTree = "<group>";
		};
		B034AF1825C2AAA2005187C4 /* NetServiceTests */ = {
			isa = PBXGroup;
			children = (
				B034AF6325C2AC30005187C4 /* BaseTestCase.swift */,
				B034AF5825C2AC30005187C4 /* NetService */,
				B034AF1925C2AAA2005187C4 /* NetServiceTests.swift */,
				B034AF1B25C2AAA2005187C4 /* Info.plist */,
			);
			path = NetServiceTests;
			sourceTree = "<group>";
		};
		B034AF2725C2AB0E005187C4 /* Supporting Files */ = {
			isa = PBXGroup;
			children = (
				B034AF0E25C2AAA2005187C4 /* NetService.h */,
				B034AF0F25C2AAA2005187C4 /* Info.plist */,
			);
			path = "Supporting Files";
			sourceTree = "<group>";
		};
		B034AF5825C2AC30005187C4 /* NetService */ = {
			isa = PBXGroup;
			children = (
				B034AF5925C2AC30005187C4 /* SessionDelegateTests.swift */,
				B08821F025C7CE4A00A61B4E /* TransformTests.swift */,
				B034AF5A25C2AC30005187C4 /* DataServiceTests.swift */,
				B034AF5B25C2AC30005187C4 /* UploadTests.swift */,
				B034AF5C25C2AC30005187C4 /* AuthorizationTests.swift */,
				B034AF6225C2AC30005187C4 /* DownloadServiceTests.swift */,
				B08821FF25C7F57E00A61B4E /* ServerTrustPolicyTests.swift */,
				B034AF5D25C2AC30005187C4 /* Resources */,
			);
			path = NetService;
			sourceTree = "<group>";
		};
		B034AF5D25C2AC30005187C4 /* Resources */ = {
			isa = PBXGroup;
			children = (
				B088225E25C7F5EA00A61B4E /* Certificates */,
				B034AF5E25C2AC30005187C4 /* Images */,
			);
			path = Resources;
			sourceTree = "<group>";
		};
		B034AF5E25C2AC30005187C4 /* Images */ = {
			isa = PBXGroup;
			children = (
				B034AF5F25C2AC30005187C4 /* unicorn.png */,
				B034AF6025C2AC30005187C4 /* rainbow.jpg */,
			);
			path = Images;
			sourceTree = "<group>";
		};
		B034B05325C31A93005187C4 /* Deployment */ = {
			isa = PBXGroup;
			children = (
				B034B05525C31AA8005187C4 /* LICENSE */,
				B034B05425C31AA8005187C4 /* NetService.podspec */,
			);
			name = Deployment;
			sourceTree = "<group>";
		};
		B034B05C25C31B22005187C4 /* Documentation */ = {
			isa = PBXGroup;
			children = (
				B034B05D25C31B35005187C4 /* README.md */,
			);
			name = Documentation;
			sourceTree = "<group>";
		};
		B05EC36525CB366700323ECC /* images */ = {
			isa = PBXGroup;
			children = (
			);
			path = images;
			sourceTree = "<group>";
		};
		B088225E25C7F5EA00A61B4E /* Certificates */ = {
			isa = PBXGroup;
			children = (
				B088225F25C7F5EA00A61B4E /* expired.badssl.com */,
				B088226425C7F5EA00A61B4E /* alamofire.org */,
				B088227125C7F5EA00A61B4E /* selfSignedAndMalformedCerts */,
			);
			path = Certificates;
			sourceTree = "<group>";
		};
		B088225F25C7F5EA00A61B4E /* expired.badssl.com */ = {
			isa = PBXGroup;
			children = (
				B088226025C7F5EA00A61B4E /* expired.badssl.com-intermediate-ca-1.cer */,
				B088226125C7F5EA00A61B4E /* expired.badssl.com-intermediate-ca-2.cer */,
				B088226225C7F5EA00A61B4E /* expired.badssl.com-root-ca.cer */,
				B088226325C7F5EA00A61B4E /* expired.badssl.com-leaf.cer */,
			);
			path = expired.badssl.com;
			sourceTree = "<group>";
		};
		B088226425C7F5EA00A61B4E /* alamofire.org */ = {
			isa = PBXGroup;
			children = (
				B088226525C7F5EA00A61B4E /* alamofire-signing-ca2.cer */,
				B088226625C7F5EA00A61B4E /* alamofire-signing-ca1.cer */,
				B088226725C7F5EA00A61B4E /* signed-by-ca2.cer */,
				B088226825C7F5EA00A61B4E /* signed-by-ca1.cer */,
				B088226925C7F5EA00A61B4E /* missing-dns-name-and-uri.cer */,
				B088226A25C7F5EA00A61B4E /* wildcard.alamofire.org.cer */,
				B088226B25C7F5EA00A61B4E /* test.alamofire.org.cer */,
				B088226C25C7F5EA00A61B4E /* alamofire-root-ca.cer */,
				B088226D25C7F5EA00A61B4E /* valid-uri.cer */,
				B088226E25C7F5EA00A61B4E /* multiple-dns-names.cer */,
				B088226F25C7F5EA00A61B4E /* expired.cer */,
				B088227025C7F5EA00A61B4E /* valid-dns-name.cer */,
			);
			path = alamofire.org;
			sourceTree = "<group>";
		};
		B088227125C7F5EA00A61B4E /* selfSignedAndMalformedCerts */ = {
			isa = PBXGroup;
			children = (
				B088227225C7F5EA00A61B4E /* certPEM.cer */,
				B088227325C7F5EA00A61B4E /* randomGibberish.crt */,
				B088227425C7F5EA00A61B4E /* certDER.der */,
				B088227525C7F5EA00A61B4E /* keyDER.der */,
				B088227625C7F5EA00A61B4E /* certDER.cer */,
				B088227725C7F5EA00A61B4E /* certPEM.crt */,
				B088227825C7F5EA00A61B4E /* certDER.crt */,
			);
			path = selfSignedAndMalformedCerts;
			sourceTree = "<group>";
		};
/* End PBXGroup section */

/* Begin PBXHeadersBuildPhase section */
		B034AF0625C2AAA2005187C4 /* Headers */ = {
			isa = PBXHeadersBuildPhase;
			buildActionMask = 2147483647;
			files = (
				B034AF1C25C2AAA2005187C4 /* NetService.h in Headers */,
			);
			runOnlyForDeploymentPostprocessing = 0;
		};
		B034AFC825C2EFEB005187C4 /* Headers */ = {
			isa = PBXHeadersBuildPhase;
			buildActionMask = 2147483647;
			files = (
			);
			runOnlyForDeploymentPostprocessing = 0;
		};
/* End PBXHeadersBuildPhase section */

/* Begin PBXNativeTarget section */
		B034AF0A25C2AAA2005187C4 /* NetService iOS */ = {
			isa = PBXNativeTarget;
			buildConfigurationList = B034AF1F25C2AAA2005187C4 /* Build configuration list for PBXNativeTarget "NetService iOS" */;
			buildPhases = (
				B034AF0625C2AAA2005187C4 /* Headers */,
				B034AF0725C2AAA2005187C4 /* Sources */,
				B034AF0825C2AAA2005187C4 /* Frameworks */,
				B034AF0925C2AAA2005187C4 /* Resources */,
			);
			buildRules = (
			);
			dependencies = (
			);
			name = "NetService iOS";
			productName = NetService;
			productReference = B034AF0B25C2AAA2005187C4 /* NetService.framework */;
			productType = "com.apple.product-type.framework";
		};
		B034AF1325C2AAA2005187C4 /* NetService iOS Tests */ = {
			isa = PBXNativeTarget;
			buildConfigurationList = B034AF2225C2AAA2005187C4 /* Build configuration list for PBXNativeTarget "NetService iOS Tests" */;
			buildPhases = (
				B034AF1025C2AAA2005187C4 /* Sources */,
				B034AF1125C2AAA2005187C4 /* Frameworks */,
				B034AF1225C2AAA2005187C4 /* Resources */,
			);
			buildRules = (
			);
			dependencies = (
				B034AF1725C2AAA2005187C4 /* PBXTargetDependency */,
			);
			name = "NetService iOS Tests";
			productName = NetServiceTests;
			productReference = B034AF1425C2AAA2005187C4 /* NetService iOS Tests.xctest */;
			productType = "com.apple.product-type.bundle.unit-test";
		};
		B034AFCC25C2EFEB005187C4 /* NetService macOS */ = {
			isa = PBXNativeTarget;
			buildConfigurationList = B034AFDE25C2EFEB005187C4 /* Build configuration list for PBXNativeTarget "NetService macOS" */;
			buildPhases = (
				B034AFC825C2EFEB005187C4 /* Headers */,
				B034AFC925C2EFEB005187C4 /* Sources */,
				B034AFCA25C2EFEB005187C4 /* Frameworks */,
				B034AFCB25C2EFEB005187C4 /* Resources */,
			);
			buildRules = (
			);
			dependencies = (
			);
			name = "NetService macOS";
			productName = NetService;
			productReference = B034AFCD25C2EFEB005187C4 /* NetService.framework */;
			productType = "com.apple.product-type.framework";
		};
		B034AFD425C2EFEB005187C4 /* NetService macOS Tests */ = {
			isa = PBXNativeTarget;
			buildConfigurationList = B034AFE125C2EFEB005187C4 /* Build configuration list for PBXNativeTarget "NetService macOS Tests" */;
			buildPhases = (
				B034AFD125C2EFEB005187C4 /* Sources */,
				B034AFD225C2EFEB005187C4 /* Frameworks */,
				B034AFD325C2EFEB005187C4 /* Resources */,
			);
			buildRules = (
			);
			dependencies = (
				B034AFD825C2EFEB005187C4 /* PBXTargetDependency */,
			);
			name = "NetService macOS Tests";
			productName = NetServiceTests;
			productReference = B034AFD525C2EFEB005187C4 /* NetService macOS Tests.xctest */;
			productType = "com.apple.product-type.bundle.unit-test";
		};
/* End PBXNativeTarget section */

/* Begin PBXProject section */
		B034AF0225C2AAA2005187C4 /* Project object */ = {
			isa = PBXProject;
			attributes = {
				LastSwiftUpdateCheck = 1230;
				LastUpgradeCheck = 1230;
				TargetAttributes = {
					B034AF0A25C2AAA2005187C4 = {
						CreatedOnToolsVersion = 12.3;
						LastSwiftMigration = 1230;
					};
					B034AF1325C2AAA2005187C4 = {
						CreatedOnToolsVersion = 12.3;
					};
					B034AFCC25C2EFEB005187C4 = {
						CreatedOnToolsVersion = 12.3;
					};
					B034AFD425C2EFEB005187C4 = {
						CreatedOnToolsVersion = 12.3;
					};
				};
			};
			buildConfigurationList = B034AF0525C2AAA2005187C4 /* Build configuration list for PBXProject "NetService" */;
			compatibilityVersion = "Xcode 9.3";
			developmentRegion = en;
			hasScannedForEncodings = 0;
			knownRegions = (
				en,
				Base,
			);
			mainGroup = B034AF0125C2AAA2005187C4;
			productRefGroup = B034AF0C25C2AAA2005187C4 /* Products */;
			projectDirPath = "";
			projectRoot = "";
			targets = (
				B034AF0A25C2AAA2005187C4 /* NetService iOS */,
				B034AF1325C2AAA2005187C4 /* NetService iOS Tests */,
				B034AFCC25C2EFEB005187C4 /* NetService macOS */,
				B034AFD425C2EFEB005187C4 /* NetService macOS Tests */,
			);
		};
/* End PBXProject section */

/* Begin PBXResourcesBuildPhase section */
		B034AF0925C2AAA2005187C4 /* Resources */ = {
			isa = PBXResourcesBuildPhase;
			buildActionMask = 2147483647;
			files = (
				B034B05E25C31B35005187C4 /* README.md in Resources */,
				B034B05725C31AA8005187C4 /* LICENSE in Resources */,
				B034B05625C31AA8005187C4 /* NetService.podspec in Resources */,
			);
			runOnlyForDeploymentPostprocessing = 0;
		};
		B034AF1225C2AAA2005187C4 /* Resources */ = {
			isa = PBXResourcesBuildPhase;
			buildActionMask = 2147483647;
			files = (
				B088227D25C7F5EA00A61B4E /* expired.badssl.com-root-ca.cer in Resources */,
				B088228D25C7F5EA00A61B4E /* test.alamofire.org.cer in Resources */,
				B088228725C7F5EA00A61B4E /* signed-by-ca1.cer in Resources */,
				B088229925C7F5EA00A61B4E /* certPEM.cer in Resources */,
				B088229D25C7F5EA00A61B4E /* certDER.der in Resources */,
				B088227925C7F5EA00A61B4E /* expired.badssl.com-intermediate-ca-1.cer in Resources */,
				B088229125C7F5EA00A61B4E /* valid-uri.cer in Resources */,
				B088229F25C7F5EA00A61B4E /* keyDER.der in Resources */,
				B088229B25C7F5EA00A61B4E /* randomGibberish.crt in Resources */,
				B088227B25C7F5EA00A61B4E /* expired.badssl.com-intermediate-ca-2.cer in Resources */,
				B088229725C7F5EA00A61B4E /* valid-dns-name.cer in Resources */,
				B088228B25C7F5EA00A61B4E /* wildcard.alamofire.org.cer in Resources */,
				B088227F25C7F5EA00A61B4E /* expired.badssl.com-leaf.cer in Resources */,
				B088228125C7F5EA00A61B4E /* alamofire-signing-ca2.cer in Resources */,
				B088228525C7F5EA00A61B4E /* signed-by-ca2.cer in Resources */,
				B034AF6925C2AC30005187C4 /* rainbow.jpg in Resources */,
				B034AF6825C2AC30005187C4 /* unicorn.png in Resources */,
				B088228F25C7F5EA00A61B4E /* alamofire-root-ca.cer in Resources */,
				B08822A325C7F5EA00A61B4E /* certPEM.crt in Resources */,
				B08822A125C7F5EA00A61B4E /* certDER.cer in Resources */,
				B088229325C7F5EA00A61B4E /* multiple-dns-names.cer in Resources */,
				B088228925C7F5EA00A61B4E /* missing-dns-name-and-uri.cer in Resources */,
				B08822A525C7F5EA00A61B4E /* certDER.crt in Resources */,
				B088228325C7F5EA00A61B4E /* alamofire-signing-ca1.cer in Resources */,
				B088229525C7F5EA00A61B4E /* expired.cer in Resources */,
			);
			runOnlyForDeploymentPostprocessing = 0;
		};
		B034AFCB25C2EFEB005187C4 /* Resources */ = {
			isa = PBXResourcesBuildPhase;
			buildActionMask = 2147483647;
			files = (
			);
			runOnlyForDeploymentPostprocessing = 0;
		};
		B034AFD325C2EFEB005187C4 /* Resources */ = {
			isa = PBXResourcesBuildPhase;
			buildActionMask = 2147483647;
			files = (
				B088227E25C7F5EA00A61B4E /* expired.badssl.com-root-ca.cer in Resources */,
				B088228E25C7F5EA00A61B4E /* test.alamofire.org.cer in Resources */,
				B088228825C7F5EA00A61B4E /* signed-by-ca1.cer in Resources */,
				B088229A25C7F5EA00A61B4E /* certPEM.cer in Resources */,
				B088229E25C7F5EA00A61B4E /* certDER.der in Resources */,
				B088227A25C7F5EA00A61B4E /* expired.badssl.com-intermediate-ca-1.cer in Resources */,
				B088229225C7F5EA00A61B4E /* valid-uri.cer in Resources */,
				B08822A025C7F5EA00A61B4E /* keyDER.der in Resources */,
				B088229C25C7F5EA00A61B4E /* randomGibberish.crt in Resources */,
				B088227C25C7F5EA00A61B4E /* expired.badssl.com-intermediate-ca-2.cer in Resources */,
				B088229825C7F5EA00A61B4E /* valid-dns-name.cer in Resources */,
				B088228C25C7F5EA00A61B4E /* wildcard.alamofire.org.cer in Resources */,
				B088228025C7F5EA00A61B4E /* expired.badssl.com-leaf.cer in Resources */,
				B088228225C7F5EA00A61B4E /* alamofire-signing-ca2.cer in Resources */,
				B088228625C7F5EA00A61B4E /* signed-by-ca2.cer in Resources */,
				B034B03B25C30D3B005187C4 /* rainbow.jpg in Resources */,
				B034B03A25C30D38005187C4 /* unicorn.png in Resources */,
				B088229025C7F5EA00A61B4E /* alamofire-root-ca.cer in Resources */,
				B08822A425C7F5EA00A61B4E /* certPEM.crt in Resources */,
				B08822A225C7F5EA00A61B4E /* certDER.cer in Resources */,
				B088229425C7F5EA00A61B4E /* multiple-dns-names.cer in Resources */,
				B088228A25C7F5EA00A61B4E /* missing-dns-name-and-uri.cer in Resources */,
				B08822A625C7F5EA00A61B4E /* certDER.crt in Resources */,
				B088228425C7F5EA00A61B4E /* alamofire-signing-ca1.cer in Resources */,
				B088229625C7F5EA00A61B4E /* expired.cer in Resources */,
			);
			runOnlyForDeploymentPostprocessing = 0;
		};
/* End PBXResourcesBuildPhase section */

/* Begin PBXSourcesBuildPhase section */
		B034AF0725C2AAA2005187C4 /* Sources */ = {
			isa = PBXSourcesBuildPhase;
			buildActionMask = 2147483647;
			files = (
				B034AF4D25C2AB3A005187C4 /* Middleware.swift in Sources */,
				B034AF4425C2AB3A005187C4 /* Retry.swift in Sources */,
				B034AF4125C2AB3A005187C4 /* NetBuilders+Authorization.swift in Sources */,
				B034AF4325C2AB3A005187C4 /* NetBuilders.swift in Sources */,
				B034AF3F25C2AB3A005187C4 /* RequestBuilder.swift in Sources */,
				B034AF3E25C2AB3A005187C4 /* Result+InternalExtension.swift in Sources */,
				B034AF4825C2AB3A005187C4 /* NetBuilders+ContentType.swift in Sources */,
				B034AF4C25C2AB3A005187C4 /* Request.swift in Sources */,
				B057005025C9B4D100D73456 /* NetServiceDataStruct.swift in Sources */,
				B034AF5525C2AB9E005187C4 /* APIError.swift in Sources */,
				B034AF4925C2AB3A005187C4 /* SessionDelegate.swift in Sources */,
				B034AF4525C2AB3A005187C4 /* URLSessionManager.swift in Sources */,
				B034AF4725C2AB3A005187C4 /* Response.swift in Sources */,
				B034AF3D25C2AB3A005187C4 /* ServerTrustPolicy.swift in Sources */,
				B034AF3C25C2AB3A005187C4 /* ParameterEncoding.swift in Sources */,
				B034AF4A25C2AB3A005187C4 /* TaskDelegate.swift in Sources */,
				B034AF4025C2AB3A005187C4 /* NetBuilders+CacheControl.swift in Sources */,
				B034AF4625C2AB3A005187C4 /* ServiceAgent.swift in Sources */,
				B034AF4225C2AB3A005187C4 /* BaseDataService.swift in Sources */,
				B034AF3B25C2AB3A005187C4 /* MultipartFormData.swift in Sources */,
			);
			runOnlyForDeploymentPostprocessing = 0;
		};
		B034AF1025C2AAA2005187C4 /* Sources */ = {
			isa = PBXSourcesBuildPhase;
			buildActionMask = 2147483647;
			files = (
				B034AF6725C2AC30005187C4 /* AuthorizationTests.swift in Sources */,
				B034AF6625C2AC30005187C4 /* UploadTests.swift in Sources */,
				B034AF1A25C2AAA2005187C4 /* NetServiceTests.swift in Sources */,
				B034AF6B25C2AC30005187C4 /* BaseTestCase.swift in Sources */,
				B034AF6A25C2AC30005187C4 /* DownloadServiceTests.swift in Sources */,
				B034AF6425C2AC30005187C4 /* SessionDelegateTests.swift in Sources */,
				B08821F125C7CE4A00A61B4E /* TransformTests.swift in Sources */,
				B088220025C7F57E00A61B4E /* ServerTrustPolicyTests.swift in Sources */,
				B034AF6525C2AC30005187C4 /* DataServiceTests.swift in Sources */,
			);
			runOnlyForDeploymentPostprocessing = 0;
		};
		B034AFC925C2EFEB005187C4 /* Sources */ = {
			isa = PBXSourcesBuildPhase;
			buildActionMask = 2147483647;
			files = (
				B034B01125C30AAD005187C4 /* APIError.swift in Sources */,
				B034B01225C30AAD005187C4 /* BaseDataService.swift in Sources */,
				B034B01325C30AAD005187C4 /* Middleware.swift in Sources */,
				B034B01425C30AAD005187C4 /* MultipartFormData.swift in Sources */,
				B034B01525C30AAD005187C4 /* NetBuilders.swift in Sources */,
				B034B01625C30AAD005187C4 /* NetBuilders+Authorization.swift in Sources */,
				B034B01725C30AAD005187C4 /* NetBuilders+CacheControl.swift in Sources */,
				B034B01825C30AAD005187C4 /* NetBuilders+ContentType.swift in Sources */,
				B057005125C9B4D100D73456 /* NetServiceDataStruct.swift in Sources */,
				B034B01925C30AAD005187C4 /* ParameterEncoding.swift in Sources */,
				B034B01A25C30AAD005187C4 /* Request.swift in Sources */,
				B034B01B25C30AAD005187C4 /* RequestBuilder.swift in Sources */,
				B034B01C25C30AAD005187C4 /* Response.swift in Sources */,
				B034B01D25C30AAD005187C4 /* Result+InternalExtension.swift in Sources */,
				B034B01E25C30AAD005187C4 /* Retry.swift in Sources */,
				B034B01F25C30AAD005187C4 /* ServerTrustPolicy.swift in Sources */,
				B034B02025C30AAD005187C4 /* ServiceAgent.swift in Sources */,
				B034B02125C30AAD005187C4 /* SessionDelegate.swift in Sources */,
				B034B02225C30AAD005187C4 /* TaskDelegate.swift in Sources */,
				B034B02325C30AAD005187C4 /* URLSessionManager.swift in Sources */,
			);
			runOnlyForDeploymentPostprocessing = 0;
		};
		B034AFD125C2EFEB005187C4 /* Sources */ = {
			isa = PBXSourcesBuildPhase;
			buildActionMask = 2147483647;
			files = (
				B034AFFD25C30A52005187C4 /* DataServiceTests.swift in Sources */,
				B034AFFC25C30A4F005187C4 /* SessionDelegateTests.swift in Sources */,
				B034B00225C30A55005187C4 /* UploadTests.swift in Sources */,
				B034B03525C30C70005187C4 /* BaseTestCase.swift in Sources */,
				B034B00725C30A59005187C4 /* AuthorizationTests.swift in Sources */,
				B034B00C25C30A5D005187C4 /* DownloadServiceTests.swift in Sources */,
				B08821F225C7CE4A00A61B4E /* TransformTests.swift in Sources */,
				B034B02825C30AE4005187C4 /* NetServiceTests.swift in Sources */,
			);
			runOnlyForDeploymentPostprocessing = 0;
		};
/* End PBXSourcesBuildPhase section */

/* Begin PBXTargetDependency section */
		B034AF1725C2AAA2005187C4 /* PBXTargetDependency */ = {
			isa = PBXTargetDependency;
			target = B034AF0A25C2AAA2005187C4 /* NetService iOS */;
			targetProxy = B034AF1625C2AAA2005187C4 /* PBXContainerItemProxy */;
		};
		B034AFD825C2EFEB005187C4 /* PBXTargetDependency */ = {
			isa = PBXTargetDependency;
			target = B034AFCC25C2EFEB005187C4 /* NetService macOS */;
			targetProxy = B034AFD725C2EFEB005187C4 /* PBXContainerItemProxy */;
		};
/* End PBXTargetDependency section */

/* Begin XCBuildConfiguration section */
		B034AF1D25C2AAA2005187C4 /* Debug */ = {
			isa = XCBuildConfiguration;
			buildSettings = {
				ALWAYS_SEARCH_USER_PATHS = NO;
				CLANG_ANALYZER_NONNULL = YES;
				CLANG_ANALYZER_NUMBER_OBJECT_CONVERSION = YES_AGGRESSIVE;
				CLANG_CXX_LANGUAGE_STANDARD = "gnu++14";
				CLANG_CXX_LIBRARY = "libc++";
				CLANG_ENABLE_MODULES = YES;
				CLANG_ENABLE_OBJC_ARC = YES;
				CLANG_ENABLE_OBJC_WEAK = YES;
				CLANG_WARN_BLOCK_CAPTURE_AUTORELEASING = YES;
				CLANG_WARN_BOOL_CONVERSION = YES;
				CLANG_WARN_COMMA = YES;
				CLANG_WARN_CONSTANT_CONVERSION = YES;
				CLANG_WARN_DEPRECATED_OBJC_IMPLEMENTATIONS = YES;
				CLANG_WARN_DIRECT_OBJC_ISA_USAGE = YES_ERROR;
				CLANG_WARN_DOCUMENTATION_COMMENTS = YES;
				CLANG_WARN_EMPTY_BODY = YES;
				CLANG_WARN_ENUM_CONVERSION = YES;
				CLANG_WARN_INFINITE_RECURSION = YES;
				CLANG_WARN_INT_CONVERSION = YES;
				CLANG_WARN_NON_LITERAL_NULL_CONVERSION = YES;
				CLANG_WARN_OBJC_IMPLICIT_RETAIN_SELF = YES;
				CLANG_WARN_OBJC_LITERAL_CONVERSION = YES;
				CLANG_WARN_OBJC_ROOT_CLASS = YES_ERROR;
				CLANG_WARN_QUOTED_INCLUDE_IN_FRAMEWORK_HEADER = YES;
				CLANG_WARN_RANGE_LOOP_ANALYSIS = YES;
				CLANG_WARN_STRICT_PROTOTYPES = YES;
				CLANG_WARN_SUSPICIOUS_MOVE = YES;
				CLANG_WARN_UNGUARDED_AVAILABILITY = YES_AGGRESSIVE;
				CLANG_WARN_UNREACHABLE_CODE = YES;
				CLANG_WARN__DUPLICATE_METHOD_MATCH = YES;
				COPY_PHASE_STRIP = NO;
				CURRENT_PROJECT_VERSION = 1;
				DEBUG_INFORMATION_FORMAT = dwarf;
				ENABLE_STRICT_OBJC_MSGSEND = YES;
				ENABLE_TESTABILITY = YES;
				GCC_C_LANGUAGE_STANDARD = gnu11;
				GCC_DYNAMIC_NO_PIC = NO;
				GCC_NO_COMMON_BLOCKS = YES;
				GCC_OPTIMIZATION_LEVEL = 0;
				GCC_PREPROCESSOR_DEFINITIONS = (
					"DEBUG=1",
					"$(inherited)",
				);
				GCC_WARN_64_TO_32_BIT_CONVERSION = YES;
				GCC_WARN_ABOUT_RETURN_TYPE = YES_ERROR;
				GCC_WARN_UNDECLARED_SELECTOR = YES;
				GCC_WARN_UNINITIALIZED_AUTOS = YES_AGGRESSIVE;
				GCC_WARN_UNUSED_FUNCTION = YES;
				GCC_WARN_UNUSED_VARIABLE = YES;
				IPHONEOS_DEPLOYMENT_TARGET = 10.0;
				MTL_ENABLE_DEBUG_INFO = INCLUDE_SOURCE;
				MTL_FAST_MATH = YES;
				ONLY_ACTIVE_ARCH = YES;
				SDKROOT = iphoneos;
				SWIFT_ACTIVE_COMPILATION_CONDITIONS = DEBUG;
				SWIFT_OPTIMIZATION_LEVEL = "-Onone";
				VERSIONING_SYSTEM = "apple-generic";
				VERSION_INFO_PREFIX = "";
			};
			name = Debug;
		};
		B034AF1E25C2AAA2005187C4 /* Release */ = {
			isa = XCBuildConfiguration;
			buildSettings = {
				ALWAYS_SEARCH_USER_PATHS = NO;
				CLANG_ANALYZER_NONNULL = YES;
				CLANG_ANALYZER_NUMBER_OBJECT_CONVERSION = YES_AGGRESSIVE;
				CLANG_CXX_LANGUAGE_STANDARD = "gnu++14";
				CLANG_CXX_LIBRARY = "libc++";
				CLANG_ENABLE_MODULES = YES;
				CLANG_ENABLE_OBJC_ARC = YES;
				CLANG_ENABLE_OBJC_WEAK = YES;
				CLANG_WARN_BLOCK_CAPTURE_AUTORELEASING = YES;
				CLANG_WARN_BOOL_CONVERSION = YES;
				CLANG_WARN_COMMA = YES;
				CLANG_WARN_CONSTANT_CONVERSION = YES;
				CLANG_WARN_DEPRECATED_OBJC_IMPLEMENTATIONS = YES;
				CLANG_WARN_DIRECT_OBJC_ISA_USAGE = YES_ERROR;
				CLANG_WARN_DOCUMENTATION_COMMENTS = YES;
				CLANG_WARN_EMPTY_BODY = YES;
				CLANG_WARN_ENUM_CONVERSION = YES;
				CLANG_WARN_INFINITE_RECURSION = YES;
				CLANG_WARN_INT_CONVERSION = YES;
				CLANG_WARN_NON_LITERAL_NULL_CONVERSION = YES;
				CLANG_WARN_OBJC_IMPLICIT_RETAIN_SELF = YES;
				CLANG_WARN_OBJC_LITERAL_CONVERSION = YES;
				CLANG_WARN_OBJC_ROOT_CLASS = YES_ERROR;
				CLANG_WARN_QUOTED_INCLUDE_IN_FRAMEWORK_HEADER = YES;
				CLANG_WARN_RANGE_LOOP_ANALYSIS = YES;
				CLANG_WARN_STRICT_PROTOTYPES = YES;
				CLANG_WARN_SUSPICIOUS_MOVE = YES;
				CLANG_WARN_UNGUARDED_AVAILABILITY = YES_AGGRESSIVE;
				CLANG_WARN_UNREACHABLE_CODE = YES;
				CLANG_WARN__DUPLICATE_METHOD_MATCH = YES;
				COPY_PHASE_STRIP = NO;
				CURRENT_PROJECT_VERSION = 1;
				DEBUG_INFORMATION_FORMAT = "dwarf-with-dsym";
				ENABLE_NS_ASSERTIONS = NO;
				ENABLE_STRICT_OBJC_MSGSEND = YES;
				GCC_C_LANGUAGE_STANDARD = gnu11;
				GCC_NO_COMMON_BLOCKS = YES;
				GCC_WARN_64_TO_32_BIT_CONVERSION = YES;
				GCC_WARN_ABOUT_RETURN_TYPE = YES_ERROR;
				GCC_WARN_UNDECLARED_SELECTOR = YES;
				GCC_WARN_UNINITIALIZED_AUTOS = YES_AGGRESSIVE;
				GCC_WARN_UNUSED_FUNCTION = YES;
				GCC_WARN_UNUSED_VARIABLE = YES;
				IPHONEOS_DEPLOYMENT_TARGET = 10.0;
				MTL_ENABLE_DEBUG_INFO = NO;
				MTL_FAST_MATH = YES;
				SDKROOT = iphoneos;
				SWIFT_COMPILATION_MODE = wholemodule;
				SWIFT_OPTIMIZATION_LEVEL = "-O";
				VALIDATE_PRODUCT = YES;
				VERSIONING_SYSTEM = "apple-generic";
				VERSION_INFO_PREFIX = "";
			};
			name = Release;
		};
		B034AF2025C2AAA2005187C4 /* Debug */ = {
			isa = XCBuildConfiguration;
			buildSettings = {
				CLANG_ENABLE_MODULES = YES;
				CODE_SIGN_STYLE = Automatic;
				DEFINES_MODULE = YES;
				DEVELOPMENT_TEAM = P7TTM4H4X2;
				DYLIB_COMPATIBILITY_VERSION = 1;
				DYLIB_CURRENT_VERSION = 1;
				DYLIB_INSTALL_NAME_BASE = "@rpath";
				INFOPLIST_FILE = "Supporting Files/Info.plist";
				INSTALL_PATH = "$(LOCAL_LIBRARY_DIR)/Frameworks";
				IPHONEOS_DEPLOYMENT_TARGET = 10.0;
				LD_RUNPATH_SEARCH_PATHS = (
					"$(inherited)",
					"@executable_path/Frameworks",
					"@loader_path/Frameworks",
				);
				MARKETING_VERSION = 1.0.0;
				PRODUCT_BUNDLE_IDENTIFIER = cn.nengxuehui.NetService;
				PRODUCT_NAME = NetService;
				SKIP_INSTALL = YES;
				SWIFT_OPTIMIZATION_LEVEL = "-Onone";
				SWIFT_VERSION = 5.0;
				TARGETED_DEVICE_FAMILY = "1,2";
			};
			name = Debug;
		};
		B034AF2125C2AAA2005187C4 /* Release */ = {
			isa = XCBuildConfiguration;
			buildSettings = {
				CLANG_ENABLE_MODULES = YES;
				CODE_SIGN_STYLE = Automatic;
				DEFINES_MODULE = YES;
				DEVELOPMENT_TEAM = P7TTM4H4X2;
				DYLIB_COMPATIBILITY_VERSION = 1;
				DYLIB_CURRENT_VERSION = 1;
				DYLIB_INSTALL_NAME_BASE = "@rpath";
				INFOPLIST_FILE = "Supporting Files/Info.plist";
				INSTALL_PATH = "$(LOCAL_LIBRARY_DIR)/Frameworks";
				IPHONEOS_DEPLOYMENT_TARGET = 10.0;
				LD_RUNPATH_SEARCH_PATHS = (
					"$(inherited)",
					"@executable_path/Frameworks",
					"@loader_path/Frameworks",
				);
				MARKETING_VERSION = 1.0.0;
				PRODUCT_BUNDLE_IDENTIFIER = cn.nengxuehui.NetService;
				PRODUCT_NAME = NetService;
				SKIP_INSTALL = YES;
				SWIFT_VERSION = 5.0;
				TARGETED_DEVICE_FAMILY = "1,2";
			};
			name = Release;
		};
		B034AF2325C2AAA2005187C4 /* Debug */ = {
			isa = XCBuildConfiguration;
			buildSettings = {
				ALWAYS_EMBED_SWIFT_STANDARD_LIBRARIES = YES;
				CODE_SIGN_STYLE = Automatic;
				DEVELOPMENT_TEAM = P7TTM4H4X2;
				INFOPLIST_FILE = NetServiceTests/Info.plist;
				LD_RUNPATH_SEARCH_PATHS = (
					"$(inherited)",
					"@executable_path/Frameworks",
					"@loader_path/Frameworks",
				);
				PRODUCT_BUNDLE_IDENTIFIER = cn.nengxuehui.NetServiceTests;
				PRODUCT_NAME = "$(TARGET_NAME)";
				SWIFT_VERSION = 5.0;
				TARGETED_DEVICE_FAMILY = "1,2";
			};
			name = Debug;
		};
		B034AF2425C2AAA2005187C4 /* Release */ = {
			isa = XCBuildConfiguration;
			buildSettings = {
				ALWAYS_EMBED_SWIFT_STANDARD_LIBRARIES = YES;
				CODE_SIGN_STYLE = Automatic;
				DEVELOPMENT_TEAM = P7TTM4H4X2;
				INFOPLIST_FILE = NetServiceTests/Info.plist;
				LD_RUNPATH_SEARCH_PATHS = (
					"$(inherited)",
					"@executable_path/Frameworks",
					"@loader_path/Frameworks",
				);
				PRODUCT_BUNDLE_IDENTIFIER = cn.nengxuehui.NetServiceTests;
				PRODUCT_NAME = "$(TARGET_NAME)";
				SWIFT_VERSION = 5.0;
				TARGETED_DEVICE_FAMILY = "1,2";
			};
			name = Release;
		};
		B034AFDF25C2EFEB005187C4 /* Debug */ = {
			isa = XCBuildConfiguration;
			buildSettings = {
				APPLICATION_EXTENSION_API_ONLY = YES;
				CODE_SIGN_STYLE = Automatic;
				COMBINE_HIDPI_IMAGES = YES;
				DEFINES_MODULE = YES;
				DEVELOPMENT_TEAM = P7TTM4H4X2;
				DYLIB_COMPATIBILITY_VERSION = 1;
				DYLIB_CURRENT_VERSION = 1;
				DYLIB_INSTALL_NAME_BASE = "@rpath";
				INFOPLIST_FILE = "Supporting Files/Info.plist";
				INSTALL_PATH = "$(LOCAL_LIBRARY_DIR)/Frameworks";
				LD_RUNPATH_SEARCH_PATHS = (
					"$(inherited)",
					"@executable_path/../Frameworks",
					"@loader_path/Frameworks",
				);
				MACOSX_DEPLOYMENT_TARGET = 10.15;
				MARKETING_VERSION = 1.0.0;
				PRODUCT_BUNDLE_IDENTIFIER = cn.nengxuehui.NetService;
				PRODUCT_NAME = NetService;
				SDKROOT = macosx;
				SKIP_INSTALL = YES;
				SWIFT_VERSION = 5.0;
			};
			name = Debug;
		};
		B034AFE025C2EFEB005187C4 /* Release */ = {
			isa = XCBuildConfiguration;
			buildSettings = {
				APPLICATION_EXTENSION_API_ONLY = YES;
				CODE_SIGN_STYLE = Automatic;
				COMBINE_HIDPI_IMAGES = YES;
				DEFINES_MODULE = YES;
				DEVELOPMENT_TEAM = P7TTM4H4X2;
				DYLIB_COMPATIBILITY_VERSION = 1;
				DYLIB_CURRENT_VERSION = 1;
				DYLIB_INSTALL_NAME_BASE = "@rpath";
				INFOPLIST_FILE = "Supporting Files/Info.plist";
				INSTALL_PATH = "$(LOCAL_LIBRARY_DIR)/Frameworks";
				LD_RUNPATH_SEARCH_PATHS = (
					"$(inherited)",
					"@executable_path/../Frameworks",
					"@loader_path/Frameworks",
				);
				MACOSX_DEPLOYMENT_TARGET = 10.15;
				MARKETING_VERSION = 1.0.0;
				PRODUCT_BUNDLE_IDENTIFIER = cn.nengxuehui.NetService;
				PRODUCT_NAME = NetService;
				SDKROOT = macosx;
				SKIP_INSTALL = YES;
				SWIFT_VERSION = 5.0;
			};
			name = Release;
		};
		B034AFE225C2EFEB005187C4 /* Debug */ = {
			isa = XCBuildConfiguration;
			buildSettings = {
				ALWAYS_EMBED_SWIFT_STANDARD_LIBRARIES = YES;
				CODE_SIGN_STYLE = Automatic;
				COMBINE_HIDPI_IMAGES = YES;
				DEVELOPMENT_TEAM = P7TTM4H4X2;
				INFOPLIST_FILE = NetServiceTests/Info.plist;
				LD_RUNPATH_SEARCH_PATHS = (
					"$(inherited)",
					"@executable_path/../Frameworks",
					"@loader_path/../Frameworks",
				);
				MACOSX_DEPLOYMENT_TARGET = 11.1;
				PRODUCT_BUNDLE_IDENTIFIER = cn.nengxuehui.NetServiceTests;
				PRODUCT_NAME = "$(TARGET_NAME)";
				SDKROOT = macosx;
				SWIFT_VERSION = 5.0;
			};
			name = Debug;
		};
		B034AFE325C2EFEB005187C4 /* Release */ = {
			isa = XCBuildConfiguration;
			buildSettings = {
				ALWAYS_EMBED_SWIFT_STANDARD_LIBRARIES = YES;
				CODE_SIGN_STYLE = Automatic;
				COMBINE_HIDPI_IMAGES = YES;
				DEVELOPMENT_TEAM = P7TTM4H4X2;
				INFOPLIST_FILE = NetServiceTests/Info.plist;
				LD_RUNPATH_SEARCH_PATHS = (
					"$(inherited)",
					"@executable_path/../Frameworks",
					"@loader_path/../Frameworks",
				);
				MACOSX_DEPLOYMENT_TARGET = 11.1;
				PRODUCT_BUNDLE_IDENTIFIER = cn.nengxuehui.NetServiceTests;
				PRODUCT_NAME = "$(TARGET_NAME)";
				SDKROOT = macosx;
				SWIFT_VERSION = 5.0;
			};
			name = Release;
		};
/* End XCBuildConfiguration section */

/* Begin XCConfigurationList section */
		B034AF0525C2AAA2005187C4 /* Build configuration list for PBXProject "NetService" */ = {
			isa = XCConfigurationList;
			buildConfigurations = (
				B034AF1D25C2AAA2005187C4 /* Debug */,
				B034AF1E25C2AAA2005187C4 /* Release */,
			);
			defaultConfigurationIsVisible = 0;
			defaultConfigurationName = Release;
		};
		B034AF1F25C2AAA2005187C4 /* Build configuration list for PBXNativeTarget "NetService iOS" */ = {
			isa = XCConfigurationList;
			buildConfigurations = (
				B034AF2025C2AAA2005187C4 /* Debug */,
				B034AF2125C2AAA2005187C4 /* Release */,
			);
			defaultConfigurationIsVisible = 0;
			defaultConfigurationName = Release;
		};
		B034AF2225C2AAA2005187C4 /* Build configuration list for PBXNativeTarget "NetService iOS Tests" */ = {
			isa = XCConfigurationList;
			buildConfigurations = (
				B034AF2325C2AAA2005187C4 /* Debug */,
				B034AF2425C2AAA2005187C4 /* Release */,
			);
			defaultConfigurationIsVisible = 0;
			defaultConfigurationName = Release;
		};
		B034AFDE25C2EFEB005187C4 /* Build configuration list for PBXNativeTarget "NetService macOS" */ = {
			isa = XCConfigurationList;
			buildConfigurations = (
				B034AFDF25C2EFEB005187C4 /* Debug */,
				B034AFE025C2EFEB005187C4 /* Release */,
			);
			defaultConfigurationIsVisible = 0;
			defaultConfigurationName = Release;
		};
		B034AFE125C2EFEB005187C4 /* Build configuration list for PBXNativeTarget "NetService macOS Tests" */ = {
			isa = XCConfigurationList;
			buildConfigurations = (
				B034AFE225C2EFEB005187C4 /* Debug */,
				B034AFE325C2EFEB005187C4 /* Release */,
			);
			defaultConfigurationIsVisible = 0;
			defaultConfigurationName = Release;
		};
/* End XCConfigurationList section */
	};
	rootObject = B034AF0225C2AAA2005187C4 /* Project object */;
}
